// !$*UTF8*$!
{
	archiveVersion = 1;
	classes = {
	};
	objectVersion = 46;
	objects = {

/* Begin PBXBuildFile section */
		58060BE51505A52A0033EAE8 /* AboutView.m in Sources */ = {isa = PBXBuildFile; fileRef = 58060BE41505A5290033EAE8 /* AboutView.m */; };
		58060BE81505A5D10033EAE8 /* AboutViewController.m in Sources */ = {isa = PBXBuildFile; fileRef = 58060BE71505A5D10033EAE8 /* AboutViewController.m */; };
		58060BEB1505A5EF0033EAE8 /* AbsractView.m in Sources */ = {isa = PBXBuildFile; fileRef = 58060BEA1505A5EF0033EAE8 /* AbsractView.m */; };
		58060BF31505A9CA0033EAE8 /* about.html in Resources */ = {isa = PBXBuildFile; fileRef = 58060BF01505A9CA0033EAE8 /* about.html */; };
		58060BF51505A9CA0033EAE8 /* flower.png in Resources */ = {isa = PBXBuildFile; fileRef = 58060BF21505A9CA0033EAE8 /* flower.png */; };
		58060BF71505AA170033EAE8 /* about_logo.png in Resources */ = {isa = PBXBuildFile; fileRef = 58060BF61505AA170033EAE8 /* about_logo.png */; };
		58060BF91505AAD00033EAE8 /* star.png in Resources */ = {isa = PBXBuildFile; fileRef = 58060BF81505AAD00033EAE8 /* star.png */; };
		580B8E4615005311001B38ED /* PuzzleViewController.m in Sources */ = {isa = PBXBuildFile; fileRef = 580B8E4515005311001B38ED /* PuzzleViewController.m */; };
		580B8E4A1500532D001B38ED /* PuzzleView.m in Sources */ = {isa = PBXBuildFile; fileRef = 580B8E491500532D001B38ED /* PuzzleView.m */; };
		580B8E4D1500558D001B38ED /* Puzzle.m in Sources */ = {isa = PBXBuildFile; fileRef = 580B8E4C1500558D001B38ED /* Puzzle.m */; };
		580B8E5015005731001B38ED /* GameState.m in Sources */ = {isa = PBXBuildFile; fileRef = 580B8E4F15005731001B38ED /* GameState.m */; };
		580B8E52150066A1001B38ED /* icon.png in Resources */ = {isa = PBXBuildFile; fileRef = 580B8E51150066A0001B38ED /* icon.png */; };
		580B8E54150066A6001B38ED /* icon@2x.png in Resources */ = {isa = PBXBuildFile; fileRef = 580B8E53150066A6001B38ED /* icon@2x.png */; };
		580B8E56150066AB001B38ED /* icon~ipad.png in Resources */ = {isa = PBXBuildFile; fileRef = 580B8E55150066AB001B38ED /* icon~ipad.png */; };
		581FC30A14FF116B001B2287 /* UIImage+ContentsOfFile.m in Sources */ = {isa = PBXBuildFile; fileRef = 581FC30914FF116B001B2287 /* UIImage+ContentsOfFile.m */; };
		581FC32114FF14F2001B2287 /* bee_full.wav in Resources */ = {isa = PBXBuildFile; fileRef = 581FC30C14FF14F2001B2287 /* bee_full.wav */; };
		581FC32214FF14F2001B2287 /* bee_part.wav in Resources */ = {isa = PBXBuildFile; fileRef = 581FC30D14FF14F2001B2287 /* bee_part.wav */; };
		581FC32314FF14F2001B2287 /* cat_full.wav in Resources */ = {isa = PBXBuildFile; fileRef = 581FC30E14FF14F2001B2287 /* cat_full.wav */; };
		581FC32414FF14F2001B2287 /* cat_part.wav in Resources */ = {isa = PBXBuildFile; fileRef = 581FC30F14FF14F2001B2287 /* cat_part.wav */; };
		581FC32514FF14F2001B2287 /* dolphin_full.wav in Resources */ = {isa = PBXBuildFile; fileRef = 581FC31014FF14F2001B2287 /* dolphin_full.wav */; };
		581FC32614FF14F2001B2287 /* dolphin_part.wav in Resources */ = {isa = PBXBuildFile; fileRef = 581FC31114FF14F2001B2287 /* dolphin_part.wav */; };
		581FC32714FF14F2001B2287 /* good_boy.wav in Resources */ = {isa = PBXBuildFile; fileRef = 581FC31214FF14F2001B2287 /* good_boy.wav */; };
		581FC32814FF14F2001B2287 /* good_job.wav in Resources */ = {isa = PBXBuildFile; fileRef = 581FC31314FF14F2001B2287 /* good_job.wav */; };
		581FC32914FF14F2001B2287 /* goose_full.wav in Resources */ = {isa = PBXBuildFile; fileRef = 581FC31414FF14F2001B2287 /* goose_full.wav */; };
		581FC32A14FF14F2001B2287 /* goose_part.wav in Resources */ = {isa = PBXBuildFile; fileRef = 581FC31514FF14F2001B2287 /* goose_part.wav */; };
		581FC32B14FF14F2001B2287 /* horse_full.wav in Resources */ = {isa = PBXBuildFile; fileRef = 581FC31614FF14F2001B2287 /* horse_full.wav */; };
		581FC32C14FF14F2001B2287 /* horse_part.wav in Resources */ = {isa = PBXBuildFile; fileRef = 581FC31714FF14F2001B2287 /* horse_part.wav */; };
		581FC32D14FF14F2001B2287 /* how_it_looks.wav in Resources */ = {isa = PBXBuildFile; fileRef = 581FC31814FF14F2001B2287 /* how_it_looks.wav */; };
		581FC32E14FF14F2001B2287 /* its_correct.wav in Resources */ = {isa = PBXBuildFile; fileRef = 581FC31914FF14F2001B2287 /* its_correct.wav */; };
		581FC32F14FF14F2001B2287 /* its_good.wav in Resources */ = {isa = PBXBuildFile; fileRef = 581FC31A14FF14F2001B2287 /* its_good.wav */; };
		581FC33014FF14F2001B2287 /* loose.wav in Resources */ = {isa = PBXBuildFile; fileRef = 581FC31B14FF14F2001B2287 /* loose.wav */; };
		581FC33114FF14F2001B2287 /* not_right.wav in Resources */ = {isa = PBXBuildFile; fileRef = 581FC31C14FF14F2001B2287 /* not_right.wav */; };
		581FC33214FF14F2001B2287 /* not_right2.wav in Resources */ = {isa = PBXBuildFile; fileRef = 581FC31D14FF14F2001B2287 /* not_right2.wav */; };
		581FC33314FF14F2001B2287 /* this_is.wav in Resources */ = {isa = PBXBuildFile; fileRef = 581FC31E14FF14F2001B2287 /* this_is.wav */; };
		581FC33414FF14F2001B2287 /* well_done.wav in Resources */ = {isa = PBXBuildFile; fileRef = 581FC31F14FF14F2001B2287 /* well_done.wav */; };
		581FC33514FF14F2001B2287 /* win.wav in Resources */ = {isa = PBXBuildFile; fileRef = 581FC32014FF14F2001B2287 /* win.wav */; };
		581FC33B14FF1599001B2287 /* AudioManager.m in Sources */ = {isa = PBXBuildFile; fileRef = 581FC33A14FF1599001B2287 /* AudioManager.m */; };
		581FC33D14FF15AA001B2287 /* AVFoundation.framework in Frameworks */ = {isa = PBXBuildFile; fileRef = 581FC33C14FF15AA001B2287 /* AVFoundation.framework */; };
		581FC34714FF8E01001B2287 /* Security.framework in Frameworks */ = {isa = PBXBuildFile; fileRef = 581FC34614FF8E01001B2287 /* Security.framework */; };
		581FC34B14FF9232001B2287 /* GameView.m in Sources */ = {isa = PBXBuildFile; fileRef = 581FC34A14FF9231001B2287 /* GameView.m */; };
		581FC34E14FF99A5001B2287 /* MainView.m in Sources */ = {isa = PBXBuildFile; fileRef = 581FC34D14FF99A4001B2287 /* MainView.m */; };
		581FC35114FF99BF001B2287 /* MainViewController.m in Sources */ = {isa = PBXBuildFile; fileRef = 581FC35014FF99BF001B2287 /* MainViewController.m */; };
		581FC35414FF9A94001B2287 /* background.png in Resources */ = {isa = PBXBuildFile; fileRef = 581FC35314FF9A94001B2287 /* background.png */; };
		581FC35614FF9B1A001B2287 /* background@2x.png in Resources */ = {isa = PBXBuildFile; fileRef = 581FC35514FF9B1A001B2287 /* background@2x.png */; };
		581FC35814FF9B88001B2287 /* background~ipad.png in Resources */ = {isa = PBXBuildFile; fileRef = 581FC35714FF9B88001B2287 /* background~ipad.png */; };
		581FC35A14FF9BFF001B2287 /* back.png in Resources */ = {isa = PBXBuildFile; fileRef = 581FC35914FF9BFF001B2287 /* back.png */; };
		581FC35F14FFA31D001B2287 /* logo.png in Resources */ = {isa = PBXBuildFile; fileRef = 581FC35C14FFA31D001B2287 /* logo.png */; };
		581FC36014FFA31D001B2287 /* logo@2x.png in Resources */ = {isa = PBXBuildFile; fileRef = 581FC35D14FFA31D001B2287 /* logo@2x.png */; };
		581FC36114FFA31D001B2287 /* logo~ipad.png in Resources */ = {isa = PBXBuildFile; fileRef = 581FC35E14FFA31D001B2287 /* logo~ipad.png */; };
		581FC36514FFA465001B2287 /* logo_bottom.png in Resources */ = {isa = PBXBuildFile; fileRef = 581FC36214FFA465001B2287 /* logo_bottom.png */; };
		581FC36614FFA465001B2287 /* logo_bottom@2x.png in Resources */ = {isa = PBXBuildFile; fileRef = 581FC36314FFA465001B2287 /* logo_bottom@2x.png */; };
		581FC36714FFA465001B2287 /* logo_bottom~ipad.png in Resources */ = {isa = PBXBuildFile; fileRef = 581FC36414FFA465001B2287 /* logo_bottom~ipad.png */; };
		582F52C914FCF36400CB27A1 /* InfiniteScrollView.m in Sources */ = {isa = PBXBuildFile; fileRef = 582F52C814FCF36400CB27A1 /* InfiniteScrollView.m */; };
		586D140214FE46AC002A6150 /* animals in Resources */ = {isa = PBXBuildFile; fileRef = 586D140114FE46AC002A6150 /* animals */; };
		586D140614FE4785002A6150 /* ImageManager.m in Sources */ = {isa = PBXBuildFile; fileRef = 586D140514FE4785002A6150 /* ImageManager.m */; };
		587003ED14F7748E00A727B8 /* UIKit.framework in Frameworks */ = {isa = PBXBuildFile; fileRef = 587003EC14F7748E00A727B8 /* UIKit.framework */; };
		587003EF14F7748E00A727B8 /* Foundation.framework in Frameworks */ = {isa = PBXBuildFile; fileRef = 587003EE14F7748E00A727B8 /* Foundation.framework */; };
		587003F114F7748E00A727B8 /* CoreGraphics.framework in Frameworks */ = {isa = PBXBuildFile; fileRef = 587003F014F7748E00A727B8 /* CoreGraphics.framework */; };
		587003F914F7748E00A727B8 /* main.m in Sources */ = {isa = PBXBuildFile; fileRef = 587003F814F7748E00A727B8 /* main.m */; };
		587003FD14F7748E00A727B8 /* AppDelegate.m in Sources */ = {isa = PBXBuildFile; fileRef = 587003FC14F7748E00A727B8 /* AppDelegate.m */; };
		5870041214F7774400A727B8 /* about_us_button_normal.png in Resources */ = {isa = PBXBuildFile; fileRef = 5870040B14F7774400A727B8 /* about_us_button_normal.png */; };
		5870041314F7774400A727B8 /* check_button_normal.png in Resources */ = {isa = PBXBuildFile; fileRef = 5870040C14F7774400A727B8 /* check_button_normal.png */; };
		5870041414F7774400A727B8 /* combine_button_normal.png in Resources */ = {isa = PBXBuildFile; fileRef = 5870040D14F7774400A727B8 /* combine_button_normal.png */; };
		5870041514F7774400A727B8 /* guess_button_normal.png in Resources */ = {isa = PBXBuildFile; fileRef = 5870040E14F7774400A727B8 /* guess_button_normal.png */; };
		5870041614F7774400A727B8 /* who_am_i_button_normal.png in Resources */ = {isa = PBXBuildFile; fileRef = 5870040F14F7774400A727B8 /* who_am_i_button_normal.png */; };
		5870042514F7781E00A727B8 /* GameViewController.m in Sources */ = {isa = PBXBuildFile; fileRef = 5870042414F7781E00A727B8 /* GameViewController.m */; };
		5870042814F7783000A727B8 /* AnimalsView.m in Sources */ = {isa = PBXBuildFile; fileRef = 5870042714F7783000A727B8 /* AnimalsView.m */; };
		589C89C71504C61B00A1D06D /* NSDate+Time.m in Sources */ = {isa = PBXBuildFile; fileRef = 589C89C61504C61B00A1D06D /* NSDate+Time.m */; };
		58DF991C1506F96300FD620F /* about_us_button_normal~ipad.png in Resources */ = {isa = PBXBuildFile; fileRef = 58DF99191506F96300FD620F /* about_us_button_normal~ipad.png */; };
		58DF991D1506F96300FD620F /* combine_button_normal~ipad.png in Resources */ = {isa = PBXBuildFile; fileRef = 58DF991A1506F96300FD620F /* combine_button_normal~ipad.png */; };
		58DF991E1506F96300FD620F /* guess_button_normal~ipad.png in Resources */ = {isa = PBXBuildFile; fileRef = 58DF991B1506F96300FD620F /* guess_button_normal~ipad.png */; };
/* End PBXBuildFile section */

/* Begin PBXFileReference section */
		58060BE31505A5290033EAE8 /* AboutView.h */ = {isa = PBXFileReference; fileEncoding = 4; lastKnownFileType = sourcecode.c.h; path = AboutView.h; sourceTree = "<group>"; };
		58060BE41505A5290033EAE8 /* AboutView.m */ = {isa = PBXFileReference; fileEncoding = 4; lastKnownFileType = sourcecode.c.objc; path = AboutView.m; sourceTree = "<group>"; };
		58060BE61505A5D10033EAE8 /* AboutViewController.h */ = {isa = PBXFileReference; fileEncoding = 4; lastKnownFileType = sourcecode.c.h; path = AboutViewController.h; sourceTree = "<group>"; };
		58060BE71505A5D10033EAE8 /* AboutViewController.m */ = {isa = PBXFileReference; fileEncoding = 4; lastKnownFileType = sourcecode.c.objc; path = AboutViewController.m; sourceTree = "<group>"; };
		58060BE91505A5EF0033EAE8 /* AbsractView.h */ = {isa = PBXFileReference; fileEncoding = 4; lastKnownFileType = sourcecode.c.h; path = AbsractView.h; sourceTree = "<group>"; };
		58060BEA1505A5EF0033EAE8 /* AbsractView.m */ = {isa = PBXFileReference; fileEncoding = 4; lastKnownFileType = sourcecode.c.objc; path = AbsractView.m; sourceTree = "<group>"; };
		58060BF01505A9CA0033EAE8 /* about.html */ = {isa = PBXFileReference; fileEncoding = 4; lastKnownFileType = text.html; path = about.html; sourceTree = "<group>"; };
		58060BF21505A9CA0033EAE8 /* flower.png */ = {isa = PBXFileReference; lastKnownFileType = image.png; path = flower.png; sourceTree = "<group>"; };
		58060BF61505AA170033EAE8 /* about_logo.png */ = {isa = PBXFileReference; lastKnownFileType = image.png; path = about_logo.png; sourceTree = "<group>"; };
		58060BF81505AAD00033EAE8 /* star.png */ = {isa = PBXFileReference; lastKnownFileType = image.png; path = star.png; sourceTree = "<group>"; };
		580B8E4415005311001B38ED /* PuzzleViewController.h */ = {isa = PBXFileReference; fileEncoding = 4; lastKnownFileType = sourcecode.c.h; path = PuzzleViewController.h; sourceTree = "<group>"; };
		580B8E4515005311001B38ED /* PuzzleViewController.m */ = {isa = PBXFileReference; fileEncoding = 4; lastKnownFileType = sourcecode.c.objc; path = PuzzleViewController.m; sourceTree = "<group>"; };
		580B8E481500532D001B38ED /* PuzzleView.h */ = {isa = PBXFileReference; fileEncoding = 4; lastKnownFileType = sourcecode.c.h; path = PuzzleView.h; sourceTree = "<group>"; };
		580B8E491500532D001B38ED /* PuzzleView.m */ = {isa = PBXFileReference; fileEncoding = 4; lastKnownFileType = sourcecode.c.objc; path = PuzzleView.m; sourceTree = "<group>"; };
		580B8E4B1500558D001B38ED /* Puzzle.h */ = {isa = PBXFileReference; fileEncoding = 4; lastKnownFileType = sourcecode.c.h; path = Puzzle.h; sourceTree = "<group>"; };
		580B8E4C1500558D001B38ED /* Puzzle.m */ = {isa = PBXFileReference; fileEncoding = 4; lastKnownFileType = sourcecode.c.objc; path = Puzzle.m; sourceTree = "<group>"; };
		580B8E4E15005731001B38ED /* GameState.h */ = {isa = PBXFileReference; fileEncoding = 4; lastKnownFileType = sourcecode.c.h; path = GameState.h; sourceTree = "<group>"; };
		580B8E4F15005731001B38ED /* GameState.m */ = {isa = PBXFileReference; fileEncoding = 4; lastKnownFileType = sourcecode.c.objc; path = GameState.m; sourceTree = "<group>"; };
		580B8E51150066A0001B38ED /* icon.png */ = {isa = PBXFileReference; lastKnownFileType = image.png; name = icon.png; path = ../../icon.png; sourceTree = "<group>"; };
		580B8E53150066A6001B38ED /* icon@2x.png */ = {isa = PBXFileReference; lastKnownFileType = image.png; name = "icon@2x.png"; path = "../../icon@2x.png"; sourceTree = "<group>"; };
		580B8E55150066AB001B38ED /* icon~ipad.png */ = {isa = PBXFileReference; lastKnownFileType = image.png; name = "icon~ipad.png"; path = "../../icon~ipad.png"; sourceTree = "<group>"; };
		581FC30814FF116B001B2287 /* UIImage+ContentsOfFile.h */ = {isa = PBXFileReference; fileEncoding = 4; lastKnownFileType = sourcecode.c.h; path = "UIImage+ContentsOfFile.h"; sourceTree = "<group>"; };
		581FC30914FF116B001B2287 /* UIImage+ContentsOfFile.m */ = {isa = PBXFileReference; fileEncoding = 4; lastKnownFileType = sourcecode.c.objc; path = "UIImage+ContentsOfFile.m"; sourceTree = "<group>"; };
		581FC30C14FF14F2001B2287 /* bee_full.wav */ = {isa = PBXFileReference; lastKnownFileType = audio.wav; path = bee_full.wav; sourceTree = "<group>"; };
		581FC30D14FF14F2001B2287 /* bee_part.wav */ = {isa = PBXFileReference; lastKnownFileType = audio.wav; path = bee_part.wav; sourceTree = "<group>"; };
		581FC30E14FF14F2001B2287 /* cat_full.wav */ = {isa = PBXFileReference; lastKnownFileType = audio.wav; path = cat_full.wav; sourceTree = "<group>"; };
		581FC30F14FF14F2001B2287 /* cat_part.wav */ = {isa = PBXFileReference; lastKnownFileType = audio.wav; path = cat_part.wav; sourceTree = "<group>"; };
		581FC31014FF14F2001B2287 /* dolphin_full.wav */ = {isa = PBXFileReference; lastKnownFileType = audio.wav; path = dolphin_full.wav; sourceTree = "<group>"; };
		581FC31114FF14F2001B2287 /* dolphin_part.wav */ = {isa = PBXFileReference; lastKnownFileType = audio.wav; path = dolphin_part.wav; sourceTree = "<group>"; };
		581FC31214FF14F2001B2287 /* good_boy.wav */ = {isa = PBXFileReference; lastKnownFileType = audio.wav; path = good_boy.wav; sourceTree = "<group>"; };
		581FC31314FF14F2001B2287 /* good_job.wav */ = {isa = PBXFileReference; lastKnownFileType = audio.wav; path = good_job.wav; sourceTree = "<group>"; };
		581FC31414FF14F2001B2287 /* goose_full.wav */ = {isa = PBXFileReference; lastKnownFileType = audio.wav; path = goose_full.wav; sourceTree = "<group>"; };
		581FC31514FF14F2001B2287 /* goose_part.wav */ = {isa = PBXFileReference; lastKnownFileType = audio.wav; path = goose_part.wav; sourceTree = "<group>"; };
		581FC31614FF14F2001B2287 /* horse_full.wav */ = {isa = PBXFileReference; lastKnownFileType = audio.wav; path = horse_full.wav; sourceTree = "<group>"; };
		581FC31714FF14F2001B2287 /* horse_part.wav */ = {isa = PBXFileReference; lastKnownFileType = audio.wav; path = horse_part.wav; sourceTree = "<group>"; };
		581FC31814FF14F2001B2287 /* how_it_looks.wav */ = {isa = PBXFileReference; lastKnownFileType = audio.wav; path = how_it_looks.wav; sourceTree = "<group>"; };
		581FC31914FF14F2001B2287 /* its_correct.wav */ = {isa = PBXFileReference; lastKnownFileType = audio.wav; path = its_correct.wav; sourceTree = "<group>"; };
		581FC31A14FF14F2001B2287 /* its_good.wav */ = {isa = PBXFileReference; lastKnownFileType = audio.wav; path = its_good.wav; sourceTree = "<group>"; };
		581FC31B14FF14F2001B2287 /* loose.wav */ = {isa = PBXFileReference; lastKnownFileType = audio.wav; path = loose.wav; sourceTree = "<group>"; };
		581FC31C14FF14F2001B2287 /* not_right.wav */ = {isa = PBXFileReference; lastKnownFileType = audio.wav; path = not_right.wav; sourceTree = "<group>"; };
		581FC31D14FF14F2001B2287 /* not_right2.wav */ = {isa = PBXFileReference; lastKnownFileType = audio.wav; path = not_right2.wav; sourceTree = "<group>"; };
		581FC31E14FF14F2001B2287 /* this_is.wav */ = {isa = PBXFileReference; lastKnownFileType = audio.wav; path = this_is.wav; sourceTree = "<group>"; };
		581FC31F14FF14F2001B2287 /* well_done.wav */ = {isa = PBXFileReference; lastKnownFileType = audio.wav; path = well_done.wav; sourceTree = "<group>"; };
		581FC32014FF14F2001B2287 /* win.wav */ = {isa = PBXFileReference; lastKnownFileType = audio.wav; path = win.wav; sourceTree = "<group>"; };
		581FC33914FF1599001B2287 /* AudioManager.h */ = {isa = PBXFileReference; fileEncoding = 4; lastKnownFileType = sourcecode.c.h; path = AudioManager.h; sourceTree = "<group>"; };
		581FC33A14FF1599001B2287 /* AudioManager.m */ = {isa = PBXFileReference; fileEncoding = 4; lastKnownFileType = sourcecode.c.objc; path = AudioManager.m; sourceTree = "<group>"; };
		581FC33C14FF15AA001B2287 /* AVFoundation.framework */ = {isa = PBXFileReference; lastKnownFileType = wrapper.framework; name = AVFoundation.framework; path = System/Library/Frameworks/AVFoundation.framework; sourceTree = SDKROOT; };
		581FC34614FF8E01001B2287 /* Security.framework */ = {isa = PBXFileReference; lastKnownFileType = wrapper.framework; name = Security.framework; path = System/Library/Frameworks/Security.framework; sourceTree = SDKROOT; };
		581FC34914FF9231001B2287 /* GameView.h */ = {isa = PBXFileReference; fileEncoding = 4; lastKnownFileType = sourcecode.c.h; path = GameView.h; sourceTree = "<group>"; };
		581FC34A14FF9231001B2287 /* GameView.m */ = {isa = PBXFileReference; fileEncoding = 4; lastKnownFileType = sourcecode.c.objc; path = GameView.m; sourceTree = "<group>"; };
		581FC34C14FF99A4001B2287 /* MainView.h */ = {isa = PBXFileReference; fileEncoding = 4; lastKnownFileType = sourcecode.c.h; path = MainView.h; sourceTree = "<group>"; };
		581FC34D14FF99A4001B2287 /* MainView.m */ = {isa = PBXFileReference; fileEncoding = 4; lastKnownFileType = sourcecode.c.objc; path = MainView.m; sourceTree = "<group>"; };
		581FC34F14FF99BF001B2287 /* MainViewController.h */ = {isa = PBXFileReference; fileEncoding = 4; lastKnownFileType = sourcecode.c.h; path = MainViewController.h; sourceTree = "<group>"; };
		581FC35014FF99BF001B2287 /* MainViewController.m */ = {isa = PBXFileReference; fileEncoding = 4; lastKnownFileType = sourcecode.c.objc; path = MainViewController.m; sourceTree = "<group>"; };
		581FC35314FF9A94001B2287 /* background.png */ = {isa = PBXFileReference; lastKnownFileType = image.png; path = background.png; sourceTree = "<group>"; };
		581FC35514FF9B1A001B2287 /* background@2x.png */ = {isa = PBXFileReference; lastKnownFileType = image.png; path = "background@2x.png"; sourceTree = "<group>"; };
		581FC35714FF9B88001B2287 /* background~ipad.png */ = {isa = PBXFileReference; lastKnownFileType = image.png; path = "background~ipad.png"; sourceTree = "<group>"; };
		581FC35914FF9BFF001B2287 /* back.png */ = {isa = PBXFileReference; lastKnownFileType = image.png; path = back.png; sourceTree = "<group>"; };
		581FC35C14FFA31D001B2287 /* logo.png */ = {isa = PBXFileReference; lastKnownFileType = image.png; path = logo.png; sourceTree = "<group>"; };
		581FC35D14FFA31D001B2287 /* logo@2x.png */ = {isa = PBXFileReference; lastKnownFileType = image.png; path = "logo@2x.png"; sourceTree = "<group>"; };
		581FC35E14FFA31D001B2287 /* logo~ipad.png */ = {isa = PBXFileReference; lastKnownFileType = image.png; path = "logo~ipad.png"; sourceTree = "<group>"; };
		581FC36214FFA465001B2287 /* logo_bottom.png */ = {isa = PBXFileReference; lastKnownFileType = image.png; name = logo_bottom.png; path = MixUp/Resources/commom/logo_bottom.png; sourceTree = SOURCE_ROOT; };
		581FC36314FFA465001B2287 /* logo_bottom@2x.png */ = {isa = PBXFileReference; lastKnownFileType = image.png; name = "logo_bottom@2x.png"; path = "MixUp/Resources/commom/logo_bottom@2x.png"; sourceTree = SOURCE_ROOT; };
		581FC36414FFA465001B2287 /* logo_bottom~ipad.png */ = {isa = PBXFileReference; lastKnownFileType = image.png; name = "logo_bottom~ipad.png"; path = "MixUp/Resources/commom/logo_bottom~ipad.png"; sourceTree = SOURCE_ROOT; };
		582F52C714FCF36400CB27A1 /* InfiniteScrollView.h */ = {isa = PBXFileReference; fileEncoding = 4; lastKnownFileType = sourcecode.c.h; path = InfiniteScrollView.h; sourceTree = "<group>"; };
		582F52C814FCF36400CB27A1 /* InfiniteScrollView.m */ = {isa = PBXFileReference; fileEncoding = 4; lastKnownFileType = sourcecode.c.objc; path = InfiniteScrollView.m; sourceTree = "<group>"; };
		586D140114FE46AC002A6150 /* animals */ = {isa = PBXFileReference; lastKnownFileType = folder; path = animals; sourceTree = "<group>"; };
		586D140414FE4785002A6150 /* ImageManager.h */ = {isa = PBXFileReference; fileEncoding = 4; lastKnownFileType = sourcecode.c.h; path = ImageManager.h; sourceTree = "<group>"; };
		586D140514FE4785002A6150 /* ImageManager.m */ = {isa = PBXFileReference; fileEncoding = 4; lastKnownFileType = sourcecode.c.objc; path = ImageManager.m; sourceTree = "<group>"; };
		587003E814F7748E00A727B8 /* MixUp.app */ = {isa = PBXFileReference; explicitFileType = wrapper.application; includeInIndex = 0; path = MixUp.app; sourceTree = BUILT_PRODUCTS_DIR; };
		587003EC14F7748E00A727B8 /* UIKit.framework */ = {isa = PBXFileReference; lastKnownFileType = wrapper.framework; name = UIKit.framework; path = System/Library/Frameworks/UIKit.framework; sourceTree = SDKROOT; };
		587003EE14F7748E00A727B8 /* Foundation.framework */ = {isa = PBXFileReference; lastKnownFileType = wrapper.framework; name = Foundation.framework; path = System/Library/Frameworks/Foundation.framework; sourceTree = SDKROOT; };
		587003F014F7748E00A727B8 /* CoreGraphics.framework */ = {isa = PBXFileReference; lastKnownFileType = wrapper.framework; name = CoreGraphics.framework; path = System/Library/Frameworks/CoreGraphics.framework; sourceTree = SDKROOT; };
		587003F414F7748E00A727B8 /* MixUp-Info.plist */ = {isa = PBXFileReference; lastKnownFileType = text.plist.xml; path = "MixUp-Info.plist"; sourceTree = "<group>"; };
		587003F814F7748E00A727B8 /* main.m */ = {isa = PBXFileReference; lastKnownFileType = sourcecode.c.objc; path = main.m; sourceTree = "<group>"; };
		587003FA14F7748E00A727B8 /* MixUp-Prefix.pch */ = {isa = PBXFileReference; lastKnownFileType = sourcecode.c.h; path = "MixUp-Prefix.pch"; sourceTree = "<group>"; };
		587003FB14F7748E00A727B8 /* AppDelegate.h */ = {isa = PBXFileReference; lastKnownFileType = sourcecode.c.h; path = AppDelegate.h; sourceTree = "<group>"; };
		587003FC14F7748E00A727B8 /* AppDelegate.m */ = {isa = PBXFileReference; lastKnownFileType = sourcecode.c.objc; path = AppDelegate.m; sourceTree = "<group>"; };
		5870040B14F7774400A727B8 /* about_us_button_normal.png */ = {isa = PBXFileReference; lastKnownFileType = image.png; path = about_us_button_normal.png; sourceTree = "<group>"; };
		5870040C14F7774400A727B8 /* check_button_normal.png */ = {isa = PBXFileReference; lastKnownFileType = image.png; path = check_button_normal.png; sourceTree = "<group>"; };
		5870040D14F7774400A727B8 /* combine_button_normal.png */ = {isa = PBXFileReference; lastKnownFileType = image.png; path = combine_button_normal.png; sourceTree = "<group>"; };
		5870040E14F7774400A727B8 /* guess_button_normal.png */ = {isa = PBXFileReference; lastKnownFileType = image.png; path = guess_button_normal.png; sourceTree = "<group>"; };
		5870040F14F7774400A727B8 /* who_am_i_button_normal.png */ = {isa = PBXFileReference; lastKnownFileType = image.png; path = who_am_i_button_normal.png; sourceTree = "<group>"; };
		5870042314F7781E00A727B8 /* GameViewController.h */ = {isa = PBXFileReference; fileEncoding = 4; lastKnownFileType = sourcecode.c.h; path = GameViewController.h; sourceTree = "<group>"; };
		5870042414F7781E00A727B8 /* GameViewController.m */ = {isa = PBXFileReference; fileEncoding = 4; lastKnownFileType = sourcecode.c.objc; path = GameViewController.m; sourceTree = "<group>"; };
		5870042614F7783000A727B8 /* AnimalsView.h */ = {isa = PBXFileReference; fileEncoding = 4; lastKnownFileType = sourcecode.c.h; path = AnimalsView.h; sourceTree = "<group>"; };
		5870042714F7783000A727B8 /* AnimalsView.m */ = {isa = PBXFileReference; fileEncoding = 4; lastKnownFileType = sourcecode.c.objc; path = AnimalsView.m; sourceTree = "<group>"; };
		589C89C51504C61B00A1D06D /* NSDate+Time.h */ = {isa = PBXFileReference; fileEncoding = 4; lastKnownFileType = sourcecode.c.h; path = "NSDate+Time.h"; sourceTree = "<group>"; };
		589C89C61504C61B00A1D06D /* NSDate+Time.m */ = {isa = PBXFileReference; fileEncoding = 4; lastKnownFileType = sourcecode.c.objc; path = "NSDate+Time.m"; sourceTree = "<group>"; };
		58DF99191506F96300FD620F /* about_us_button_normal~ipad.png */ = {isa = PBXFileReference; lastKnownFileType = image.png; path = "about_us_button_normal~ipad.png"; sourceTree = "<group>"; };
		58DF991A1506F96300FD620F /* combine_button_normal~ipad.png */ = {isa = PBXFileReference; lastKnownFileType = image.png; path = "combine_button_normal~ipad.png"; sourceTree = "<group>"; };
		58DF991B1506F96300FD620F /* guess_button_normal~ipad.png */ = {isa = PBXFileReference; lastKnownFileType = image.png; path = "guess_button_normal~ipad.png"; sourceTree = "<group>"; };
/* End PBXFileReference section */

/* Begin PBXFrameworksBuildPhase section */
		587003E514F7748E00A727B8 /* Frameworks */ = {
			isa = PBXFrameworksBuildPhase;
			buildActionMask = 2147483647;
			files = (
				581FC34714FF8E01001B2287 /* Security.framework in Frameworks */,
				581FC33D14FF15AA001B2287 /* AVFoundation.framework in Frameworks */,
				587003ED14F7748E00A727B8 /* UIKit.framework in Frameworks */,
				587003EF14F7748E00A727B8 /* Foundation.framework in Frameworks */,
				587003F114F7748E00A727B8 /* CoreGraphics.framework in Frameworks */,
			);
			runOnlyForDeploymentPostprocessing = 0;
		};
/* End PBXFrameworksBuildPhase section */

/* Begin PBXGroup section */
		58060BEF1505A9CA0033EAE8 /* about */ = {
			isa = PBXGroup;
			children = (
				58060BF81505AAD00033EAE8 /* star.png */,
				58060BF61505AA170033EAE8 /* about_logo.png */,
				58060BF01505A9CA0033EAE8 /* about.html */,
				58060BF21505A9CA0033EAE8 /* flower.png */,
			);
			path = about;
			sourceTree = "<group>";
		};
		581FC30714FF1134001B2287 /* Categories */ = {
			isa = PBXGroup;
			children = (
				581FC30814FF116B001B2287 /* UIImage+ContentsOfFile.h */,
				581FC30914FF116B001B2287 /* UIImage+ContentsOfFile.m */,
				589C89C51504C61B00A1D06D /* NSDate+Time.h */,
				589C89C61504C61B00A1D06D /* NSDate+Time.m */,
			);
			path = Categories;
			sourceTree = "<group>";
		};
		581FC30B14FF14F2001B2287 /* sounds */ = {
			isa = PBXGroup;
			children = (
				581FC30C14FF14F2001B2287 /* bee_full.wav */,
				581FC30D14FF14F2001B2287 /* bee_part.wav */,
				581FC30E14FF14F2001B2287 /* cat_full.wav */,
				581FC30F14FF14F2001B2287 /* cat_part.wav */,
				581FC31014FF14F2001B2287 /* dolphin_full.wav */,
				581FC31114FF14F2001B2287 /* dolphin_part.wav */,
				581FC31214FF14F2001B2287 /* good_boy.wav */,
				581FC31314FF14F2001B2287 /* good_job.wav */,
				581FC31414FF14F2001B2287 /* goose_full.wav */,
				581FC31514FF14F2001B2287 /* goose_part.wav */,
				581FC31614FF14F2001B2287 /* horse_full.wav */,
				581FC31714FF14F2001B2287 /* horse_part.wav */,
				581FC31814FF14F2001B2287 /* how_it_looks.wav */,
				581FC31914FF14F2001B2287 /* its_correct.wav */,
				581FC31A14FF14F2001B2287 /* its_good.wav */,
				581FC31B14FF14F2001B2287 /* loose.wav */,
				581FC31C14FF14F2001B2287 /* not_right.wav */,
				581FC31D14FF14F2001B2287 /* not_right2.wav */,
				581FC31E14FF14F2001B2287 /* this_is.wav */,
				581FC31F14FF14F2001B2287 /* well_done.wav */,
				581FC32014FF14F2001B2287 /* win.wav */,
			);
			path = sounds;
			sourceTree = "<group>";
		};
		581FC35214FF9A94001B2287 /* commom */ = {
			isa = PBXGroup;
			children = (
				581FC35914FF9BFF001B2287 /* back.png */,
				581FC35514FF9B1A001B2287 /* background@2x.png */,
				581FC35314FF9A94001B2287 /* background.png */,
				581FC35714FF9B88001B2287 /* background~ipad.png */,
			);
			path = commom;
			sourceTree = "<group>";
		};
		581FC35B14FFA31C001B2287 /* logo */ = {
			isa = PBXGroup;
			children = (
				581FC36214FFA465001B2287 /* logo_bottom.png */,
				581FC36314FFA465001B2287 /* logo_bottom@2x.png */,
				581FC36414FFA465001B2287 /* logo_bottom~ipad.png */,
				581FC35C14FFA31D001B2287 /* logo.png */,
				581FC35D14FFA31D001B2287 /* logo@2x.png */,
				581FC35E14FFA31D001B2287 /* logo~ipad.png */,
			);
			path = logo;
			sourceTree = "<group>";
		};
		586D140314FE475A002A6150 /* Model */ = {
			isa = PBXGroup;
			children = (
				586D140414FE4785002A6150 /* ImageManager.h */,
				586D140514FE4785002A6150 /* ImageManager.m */,
				581FC33914FF1599001B2287 /* AudioManager.h */,
				581FC33A14FF1599001B2287 /* AudioManager.m */,
				580B8E4B1500558D001B38ED /* Puzzle.h */,
				580B8E4C1500558D001B38ED /* Puzzle.m */,
				580B8E4E15005731001B38ED /* GameState.h */,
				580B8E4F15005731001B38ED /* GameState.m */,
			);
			path = Model;
			sourceTree = "<group>";
		};
		587003DD14F7748D00A727B8 = {
			isa = PBXGroup;
			children = (
				587003F214F7748E00A727B8 /* MixUp */,
				587003EB14F7748E00A727B8 /* Frameworks */,
				587003E914F7748E00A727B8 /* Products */,
			);
			sourceTree = "<group>";
		};
		587003E914F7748E00A727B8 /* Products */ = {
			isa = PBXGroup;
			children = (
				587003E814F7748E00A727B8 /* MixUp.app */,
			);
			name = Products;
			sourceTree = "<group>";
		};
		587003EB14F7748E00A727B8 /* Frameworks */ = {
			isa = PBXGroup;
			children = (
				581FC34614FF8E01001B2287 /* Security.framework */,
				581FC33C14FF15AA001B2287 /* AVFoundation.framework */,
				587003EC14F7748E00A727B8 /* UIKit.framework */,
				587003EE14F7748E00A727B8 /* Foundation.framework */,
				587003F014F7748E00A727B8 /* CoreGraphics.framework */,
			);
			name = Frameworks;
			sourceTree = "<group>";
		};
		587003F214F7748E00A727B8 /* MixUp */ = {
			isa = PBXGroup;
			children = (
				5870040314F7770B00A727B8 /* Classes */,
				587003FB14F7748E00A727B8 /* AppDelegate.h */,
				587003FC14F7748E00A727B8 /* AppDelegate.m */,
				587003F314F7748E00A727B8 /* Supporting Files */,
				5870040414F7771800A727B8 /* Resources */,
			);
			path = MixUp;
			sourceTree = "<group>";
		};
		587003F314F7748E00A727B8 /* Supporting Files */ = {
			isa = PBXGroup;
			children = (
				587003F414F7748E00A727B8 /* MixUp-Info.plist */,
				587003F814F7748E00A727B8 /* main.m */,
				587003FA14F7748E00A727B8 /* MixUp-Prefix.pch */,
			);
			name = "Supporting Files";
			sourceTree = "<group>";
		};
		5870040314F7770B00A727B8 /* Classes */ = {
			isa = PBXGroup;
			children = (
				581FC30714FF1134001B2287 /* Categories */,
				586D140314FE475A002A6150 /* Model */,
				5870042214F777AE00A727B8 /* Views */,
				5870042114F777A500A727B8 /* Controllers */,
			);
			path = Classes;
			sourceTree = "<group>";
		};
		5870040414F7771800A727B8 /* Resources */ = {
			isa = PBXGroup;
			children = (
				580B8E55150066AB001B38ED /* icon~ipad.png */,
				580B8E53150066A6001B38ED /* icon@2x.png */,
				580B8E51150066A0001B38ED /* icon.png */,
				581FC35214FF9A94001B2287 /* commom */,
				586D140114FE46AC002A6150 /* animals */,
				5870040614F7774400A727B8 /* en.lproj */,
				5870040914F7774400A727B8 /* ru.lproj */,
			);
			path = Resources;
			sourceTree = "<group>";
		};
		5870040614F7774400A727B8 /* en.lproj */ = {
			isa = PBXGroup;
			children = (
			);
			path = en.lproj;
			sourceTree = "<group>";
		};
		5870040914F7774400A727B8 /* ru.lproj */ = {
			isa = PBXGroup;
			children = (
				58060BEF1505A9CA0033EAE8 /* about */,
				581FC35B14FFA31C001B2287 /* logo */,
				581FC30B14FF14F2001B2287 /* sounds */,
				5870040A14F7774400A727B8 /* buttons */,
			);
			path = ru.lproj;
			sourceTree = "<group>";
		};
		5870040A14F7774400A727B8 /* buttons */ = {
			isa = PBXGroup;
			children = (
				58DF99191506F96300FD620F /* about_us_button_normal~ipad.png */,
				58DF991A1506F96300FD620F /* combine_button_normal~ipad.png */,
				58DF991B1506F96300FD620F /* guess_button_normal~ipad.png */,
				5870040B14F7774400A727B8 /* about_us_button_normal.png */,
				5870040C14F7774400A727B8 /* check_button_normal.png */,
				5870040D14F7774400A727B8 /* combine_button_normal.png */,
				5870040E14F7774400A727B8 /* guess_button_normal.png */,
				5870040F14F7774400A727B8 /* who_am_i_button_normal.png */,
			);
			path = buttons;
			sourceTree = "<group>";
		};
		5870042114F777A500A727B8 /* Controllers */ = {
			isa = PBXGroup;
			children = (
				581FC34F14FF99BF001B2287 /* MainViewController.h */,
				581FC35014FF99BF001B2287 /* MainViewController.m */,
				5870042314F7781E00A727B8 /* GameViewController.h */,
				5870042414F7781E00A727B8 /* GameViewController.m */,
				580B8E4415005311001B38ED /* PuzzleViewController.h */,
				580B8E4515005311001B38ED /* PuzzleViewController.m */,
				58060BE61505A5D10033EAE8 /* AboutViewController.h */,
				58060BE71505A5D10033EAE8 /* AboutViewController.m */,
			);
			path = Controllers;
			sourceTree = "<group>";
		};
		5870042214F777AE00A727B8 /* Views */ = {
			isa = PBXGroup;
			children = (
				581FC34C14FF99A4001B2287 /* MainView.h */,
				581FC34D14FF99A4001B2287 /* MainView.m */,
				5870042614F7783000A727B8 /* AnimalsView.h */,
				5870042714F7783000A727B8 /* AnimalsView.m */,
				582F52C714FCF36400CB27A1 /* InfiniteScrollView.h */,
				582F52C814FCF36400CB27A1 /* InfiniteScrollView.m */,
				581FC34914FF9231001B2287 /* GameView.h */,
				581FC34A14FF9231001B2287 /* GameView.m */,
				580B8E481500532D001B38ED /* PuzzleView.h */,
				580B8E491500532D001B38ED /* PuzzleView.m */,
				58060BE31505A5290033EAE8 /* AboutView.h */,
				58060BE41505A5290033EAE8 /* AboutView.m */,
				58060BE91505A5EF0033EAE8 /* AbsractView.h */,
				58060BEA1505A5EF0033EAE8 /* AbsractView.m */,
			);
			path = Views;
			sourceTree = "<group>";
		};
/* End PBXGroup section */

/* Begin PBXNativeTarget section */
		587003E714F7748E00A727B8 /* MixUp */ = {
			isa = PBXNativeTarget;
			buildConfigurationList = 5870040014F7748E00A727B8 /* Build configuration list for PBXNativeTarget "MixUp" */;
			buildPhases = (
				587003E414F7748E00A727B8 /* Sources */,
				587003E514F7748E00A727B8 /* Frameworks */,
				587003E614F7748E00A727B8 /* Resources */,
			);
			buildRules = (
			);
			dependencies = (
			);
			name = MixUp;
			productName = MixUp;
			productReference = 587003E814F7748E00A727B8 /* MixUp.app */;
			productType = "com.apple.product-type.application";
		};
/* End PBXNativeTarget section */

/* Begin PBXProject section */
		587003DF14F7748D00A727B8 /* Project object */ = {
			isa = PBXProject;
			attributes = {
				LastUpgradeCheck = 0420;
				ORGANIZATIONNAME = "Mix Up";
			};
			buildConfigurationList = 587003E214F7748D00A727B8 /* Build configuration list for PBXProject "MixUp" */;
			compatibilityVersion = "Xcode 3.2";
			developmentRegion = English;
			hasScannedForEncodings = 0;
			knownRegions = (
				en,
				ru,
			);
			mainGroup = 587003DD14F7748D00A727B8;
			productRefGroup = 587003E914F7748E00A727B8 /* Products */;
			projectDirPath = "";
			projectRoot = "";
			targets = (
				587003E714F7748E00A727B8 /* MixUp */,
			);
		};
/* End PBXProject section */

/* Begin PBXResourcesBuildPhase section */
		587003E614F7748E00A727B8 /* Resources */ = {
			isa = PBXResourcesBuildPhase;
			buildActionMask = 2147483647;
			files = (
				5870041214F7774400A727B8 /* about_us_button_normal.png in Resources */,
				5870041314F7774400A727B8 /* check_button_normal.png in Resources */,
				5870041414F7774400A727B8 /* combine_button_normal.png in Resources */,
				5870041514F7774400A727B8 /* guess_button_normal.png in Resources */,
				5870041614F7774400A727B8 /* who_am_i_button_normal.png in Resources */,
				586D140214FE46AC002A6150 /* animals in Resources */,
				581FC32114FF14F2001B2287 /* bee_full.wav in Resources */,
				581FC32214FF14F2001B2287 /* bee_part.wav in Resources */,
				581FC32314FF14F2001B2287 /* cat_full.wav in Resources */,
				581FC32414FF14F2001B2287 /* cat_part.wav in Resources */,
				581FC32514FF14F2001B2287 /* dolphin_full.wav in Resources */,
				581FC32614FF14F2001B2287 /* dolphin_part.wav in Resources */,
				581FC32714FF14F2001B2287 /* good_boy.wav in Resources */,
				581FC32814FF14F2001B2287 /* good_job.wav in Resources */,
				581FC32914FF14F2001B2287 /* goose_full.wav in Resources */,
				581FC32A14FF14F2001B2287 /* goose_part.wav in Resources */,
				581FC32B14FF14F2001B2287 /* horse_full.wav in Resources */,
				581FC32C14FF14F2001B2287 /* horse_part.wav in Resources */,
				581FC32D14FF14F2001B2287 /* how_it_looks.wav in Resources */,
				581FC32E14FF14F2001B2287 /* its_correct.wav in Resources */,
				581FC32F14FF14F2001B2287 /* its_good.wav in Resources */,
				581FC33014FF14F2001B2287 /* loose.wav in Resources */,
				581FC33114FF14F2001B2287 /* not_right.wav in Resources */,
				581FC33214FF14F2001B2287 /* not_right2.wav in Resources */,
				581FC33314FF14F2001B2287 /* this_is.wav in Resources */,
				581FC33414FF14F2001B2287 /* well_done.wav in Resources */,
				581FC33514FF14F2001B2287 /* win.wav in Resources */,
				581FC35414FF9A94001B2287 /* background.png in Resources */,
				581FC35614FF9B1A001B2287 /* background@2x.png in Resources */,
				581FC35814FF9B88001B2287 /* background~ipad.png in Resources */,
				581FC35A14FF9BFF001B2287 /* back.png in Resources */,
				581FC35F14FFA31D001B2287 /* logo.png in Resources */,
				581FC36014FFA31D001B2287 /* logo@2x.png in Resources */,
				581FC36114FFA31D001B2287 /* logo~ipad.png in Resources */,
				581FC36514FFA465001B2287 /* logo_bottom.png in Resources */,
				581FC36614FFA465001B2287 /* logo_bottom@2x.png in Resources */,
				581FC36714FFA465001B2287 /* logo_bottom~ipad.png in Resources */,
				580B8E52150066A1001B38ED /* icon.png in Resources */,
				580B8E54150066A6001B38ED /* icon@2x.png in Resources */,
				580B8E56150066AB001B38ED /* icon~ipad.png in Resources */,
				58060BF31505A9CA0033EAE8 /* about.html in Resources */,
				58060BF51505A9CA0033EAE8 /* flower.png in Resources */,
				58060BF71505AA170033EAE8 /* about_logo.png in Resources */,
				58060BF91505AAD00033EAE8 /* star.png in Resources */,
				58DF991C1506F96300FD620F /* about_us_button_normal~ipad.png in Resources */,
				58DF991D1506F96300FD620F /* combine_button_normal~ipad.png in Resources */,
				58DF991E1506F96300FD620F /* guess_button_normal~ipad.png in Resources */,
			);
			runOnlyForDeploymentPostprocessing = 0;
		};
/* End PBXResourcesBuildPhase section */

/* Begin PBXSourcesBuildPhase section */
		587003E414F7748E00A727B8 /* Sources */ = {
			isa = PBXSourcesBuildPhase;
			buildActionMask = 2147483647;
			files = (
				587003F914F7748E00A727B8 /* main.m in Sources */,
				587003FD14F7748E00A727B8 /* AppDelegate.m in Sources */,
				5870042514F7781E00A727B8 /* GameViewController.m in Sources */,
				5870042814F7783000A727B8 /* AnimalsView.m in Sources */,
				582F52C914FCF36400CB27A1 /* InfiniteScrollView.m in Sources */,
				586D140614FE4785002A6150 /* ImageManager.m in Sources */,
				581FC30A14FF116B001B2287 /* UIImage+ContentsOfFile.m in Sources */,
				581FC33B14FF1599001B2287 /* AudioManager.m in Sources */,
				581FC34B14FF9232001B2287 /* GameView.m in Sources */,
				581FC34E14FF99A5001B2287 /* MainView.m in Sources */,
				581FC35114FF99BF001B2287 /* MainViewController.m in Sources */,
				580B8E4615005311001B38ED /* PuzzleViewController.m in Sources */,
				580B8E4A1500532D001B38ED /* PuzzleView.m in Sources */,
				580B8E4D1500558D001B38ED /* Puzzle.m in Sources */,
				580B8E5015005731001B38ED /* GameState.m in Sources */,
				589C89C71504C61B00A1D06D /* NSDate+Time.m in Sources */,
				58060BE51505A52A0033EAE8 /* AboutView.m in Sources */,
				58060BE81505A5D10033EAE8 /* AboutViewController.m in Sources */,
				58060BEB1505A5EF0033EAE8 /* AbsractView.m in Sources */,
			);
			runOnlyForDeploymentPostprocessing = 0;
		};
/* End PBXSourcesBuildPhase section */

/* Begin XCBuildConfiguration section */
		587003FE14F7748E00A727B8 /* Debug */ = {
			isa = XCBuildConfiguration;
			buildSettings = {
				ALWAYS_SEARCH_USER_PATHS = NO;
				ARCHS = "$(ARCHS_STANDARD_32_BIT)";
				CODE_SIGN_IDENTITY = "iPhone Developer: kmmbvnr kmmbvnr (WGS3D33538)";
				"CODE_SIGN_IDENTITY[sdk=iphoneos*]" = "iPhone Developer";
				COPY_PHASE_STRIP = NO;
				GCC_C_LANGUAGE_STANDARD = gnu99;
				GCC_DYNAMIC_NO_PIC = NO;
				GCC_OPTIMIZATION_LEVEL = 0;
				GCC_PREPROCESSOR_DEFINITIONS = (
					"DEBUG=1",
					"$(inherited)",
				);
				GCC_SYMBOLS_PRIVATE_EXTERN = NO;
				GCC_VERSION = com.apple.compilers.llvm.clang.1_0;
				GCC_WARN_ABOUT_MISSING_PROTOTYPES = YES;
				GCC_WARN_ABOUT_RETURN_TYPE = YES;
				GCC_WARN_UNUSED_VARIABLE = YES;
				IPHONEOS_DEPLOYMENT_TARGET = 4.3;
				PROVISIONING_PROFILE = "D00C7808-EDDA-4CF9-A8EE-BA9FD18BECE1";
				SDKROOT = iphoneos;
				TARGETED_DEVICE_FAMILY = "1,2";
			};
			name = Debug;
		};
		587003FF14F7748E00A727B8 /* Release */ = {
			isa = XCBuildConfiguration;
			buildSettings = {
				ALWAYS_SEARCH_USER_PATHS = NO;
				ARCHS = "$(ARCHS_STANDARD_32_BIT)";
				CODE_SIGN_IDENTITY = "iPhone Developer: kmmbvnr kmmbvnr (WGS3D33538)";
				"CODE_SIGN_IDENTITY[sdk=iphoneos*]" = "iPhone Developer";
				COPY_PHASE_STRIP = YES;
				GCC_C_LANGUAGE_STANDARD = gnu99;
				GCC_VERSION = com.apple.compilers.llvm.clang.1_0;
				GCC_WARN_ABOUT_MISSING_PROTOTYPES = YES;
				GCC_WARN_ABOUT_RETURN_TYPE = YES;
				GCC_WARN_UNUSED_VARIABLE = YES;
				IPHONEOS_DEPLOYMENT_TARGET = 4.3;
				OTHER_CFLAGS = "-DNS_BLOCK_ASSERTIONS=1";
				PROVISIONING_PROFILE = "D00C7808-EDDA-4CF9-A8EE-BA9FD18BECE1";
				SDKROOT = iphoneos;
				TARGETED_DEVICE_FAMILY = "1,2";
				VALIDATE_PRODUCT = YES;
			};
			name = Release;
		};
		5870040114F7748E00A727B8 /* Debug */ = {
			isa = XCBuildConfiguration;
			buildSettings = {
				CODE_SIGN_IDENTITY = "iPhone Developer: kmmbvnr kmmbvnr (WGS3D33538)";
				"CODE_SIGN_IDENTITY[sdk=iphoneos*]" = "iPhone Developer: kmmbvnr kmmbvnr (WGS3D33538)";
				GCC_PRECOMPILE_PREFIX_HEADER = YES;
				GCC_PREFIX_HEADER = "MixUp/MixUp-Prefix.pch";
				INFOPLIST_FILE = "MixUp/MixUp-Info.plist";
				IPHONEOS_DEPLOYMENT_TARGET = 4.3;
				PRODUCT_NAME = "$(TARGET_NAME)";
				PROVISIONING_PROFILE = "D00C7808-EDDA-4CF9-A8EE-BA9FD18BECE1";
				"PROVISIONING_PROFILE[sdk=iphoneos*]" = "D00C7808-EDDA-4CF9-A8EE-BA9FD18BECE1";
				TARGETED_DEVICE_FAMILY = "1,2";
				WRAPPER_EXTENSION = app;
			};
			name = Debug;
		};
		5870040214F7748E00A727B8 /* Release */ = {
			isa = XCBuildConfiguration;
			buildSettings = {
				CODE_SIGN_IDENTITY = "iPhone Developer: kmmbvnr kmmbvnr (WGS3D33538)";
				"CODE_SIGN_IDENTITY[sdk=iphoneos*]" = "iPhone Developer: kmmbvnr kmmbvnr (WGS3D33538)";
				GCC_PRECOMPILE_PREFIX_HEADER = YES;
				GCC_PREFIX_HEADER = "MixUp/MixUp-Prefix.pch";
				INFOPLIST_FILE = "MixUp/MixUp-Info.plist";
				IPHONEOS_DEPLOYMENT_TARGET = 4.3;
				PRODUCT_NAME = "$(TARGET_NAME)";
				PROVISIONING_PROFILE = "D00C7808-EDDA-4CF9-A8EE-BA9FD18BECE1";
				"PROVISIONING_PROFILE[sdk=iphoneos*]" = "D00C7808-EDDA-4CF9-A8EE-BA9FD18BECE1";
				TARGETED_DEVICE_FAMILY = "1,2";
				WRAPPER_EXTENSION = app;
			};
			name = Release;
		};
/* End XCBuildConfiguration section */

/* Begin XCConfigurationList section */
		587003E214F7748D00A727B8 /* Build configuration list for PBXProject "MixUp" */ = {
			isa = XCConfigurationList;
			buildConfigurations = (
				587003FE14F7748E00A727B8 /* Debug */,
				587003FF14F7748E00A727B8 /* Release */,
			);
			defaultConfigurationIsVisible = 0;
			defaultConfigurationName = Release;
		};
		5870040014F7748E00A727B8 /* Build configuration list for PBXNativeTarget "MixUp" */ = {
			isa = XCConfigurationList;
			buildConfigurations = (
				5870040114F7748E00A727B8 /* Debug */,
				5870040214F7748E00A727B8 /* Release */,
			);
			defaultConfigurationIsVisible = 0;
			defaultConfigurationName = Release;
		};
/* End XCConfigurationList section */
	};
	rootObject = 587003DF14F7748D00A727B8 /* Project object */;
}
