// !$*UTF8*$!
{
	archiveVersion = 1;
	classes = {
	};
	objectVersion = 46;
	objects = {

/* Begin PBXBuildFile section */
		58060BE51505A52A0033EAE8 /* AboutView.m in Sources */ = {isa = PBXBuildFile; fileRef = 58060BE41505A5290033EAE8 /* AboutView.m */; };
		58060BE81505A5D10033EAE8 /* AboutViewController.m in Sources */ = {isa = PBXBuildFile; fileRef = 58060BE71505A5D10033EAE8 /* AboutViewController.m */; };
		58060BEB1505A5EF0033EAE8 /* AbsractView.m in Sources */ = {isa = PBXBuildFile; fileRef = 58060BEA1505A5EF0033EAE8 /* AbsractView.m */; };
		580B8E4615005311001B38ED /* PuzzleViewController.m in Sources */ = {isa = PBXBuildFile; fileRef = 580B8E4515005311001B38ED /* PuzzleViewController.m */; };
		580B8E4A1500532D001B38ED /* PuzzleView.m in Sources */ = {isa = PBXBuildFile; fileRef = 580B8E491500532D001B38ED /* PuzzleView.m */; };
		580B8E4D1500558D001B38ED /* Puzzle.m in Sources */ = {isa = PBXBuildFile; fileRef = 580B8E4C1500558D001B38ED /* Puzzle.m */; };
		580B8E5015005731001B38ED /* GameState.m in Sources */ = {isa = PBXBuildFile; fileRef = 580B8E4F15005731001B38ED /* GameState.m */; };
		580B8E52150066A1001B38ED /* icon.png in Resources */ = {isa = PBXBuildFile; fileRef = 580B8E51150066A0001B38ED /* icon.png */; };
		580B8E54150066A6001B38ED /* icon@2x.png in Resources */ = {isa = PBXBuildFile; fileRef = 580B8E53150066A6001B38ED /* icon@2x.png */; };
		580B8E56150066AB001B38ED /* icon~ipad.png in Resources */ = {isa = PBXBuildFile; fileRef = 580B8E55150066AB001B38ED /* icon~ipad.png */; };
		581FC30A14FF116B001B2287 /* UIImage+ContentsOfFile.m in Sources */ = {isa = PBXBuildFile; fileRef = 581FC30914FF116B001B2287 /* UIImage+ContentsOfFile.m */; };
		581FC33B14FF1599001B2287 /* AudioManager.m in Sources */ = {isa = PBXBuildFile; fileRef = 581FC33A14FF1599001B2287 /* AudioManager.m */; };
		581FC33D14FF15AA001B2287 /* AVFoundation.framework in Frameworks */ = {isa = PBXBuildFile; fileRef = 581FC33C14FF15AA001B2287 /* AVFoundation.framework */; };
		581FC34714FF8E01001B2287 /* Security.framework in Frameworks */ = {isa = PBXBuildFile; fileRef = 581FC34614FF8E01001B2287 /* Security.framework */; };
		581FC34B14FF9232001B2287 /* GameView.m in Sources */ = {isa = PBXBuildFile; fileRef = 581FC34A14FF9231001B2287 /* GameView.m */; };
		581FC34E14FF99A5001B2287 /* MainView.m in Sources */ = {isa = PBXBuildFile; fileRef = 581FC34D14FF99A4001B2287 /* MainView.m */; };
		581FC35114FF99BF001B2287 /* MainViewController.m in Sources */ = {isa = PBXBuildFile; fileRef = 581FC35014FF99BF001B2287 /* MainViewController.m */; };
		581FC35414FF9A94001B2287 /* background.png in Resources */ = {isa = PBXBuildFile; fileRef = 581FC35314FF9A94001B2287 /* background.png */; };
		581FC35614FF9B1A001B2287 /* background@2x.png in Resources */ = {isa = PBXBuildFile; fileRef = 581FC35514FF9B1A001B2287 /* background@2x.png */; };
		581FC35814FF9B88001B2287 /* background~ipad.png in Resources */ = {isa = PBXBuildFile; fileRef = 581FC35714FF9B88001B2287 /* background~ipad.png */; };
		582F52C914FCF36400CB27A1 /* InfiniteScrollView.m in Sources */ = {isa = PBXBuildFile; fileRef = 582F52C814FCF36400CB27A1 /* InfiniteScrollView.m */; };
		583BA9B815197260008B7A74 /* about_logo_en.png in Resources */ = {isa = PBXBuildFile; fileRef = 583BA9B615197260008B7A74 /* about_logo_en.png */; };
		583BA9B915197260008B7A74 /* about_logo_ru.png in Resources */ = {isa = PBXBuildFile; fileRef = 583BA9B715197260008B7A74 /* about_logo_ru.png */; };
		583BA9BE151972A2008B7A74 /* back@2x~ipad.png in Resources */ = {isa = PBXBuildFile; fileRef = 583BA9BA151972A2008B7A74 /* back@2x~ipad.png */; };
		583BA9BF151972A2008B7A74 /* back@2x~iphone.png in Resources */ = {isa = PBXBuildFile; fileRef = 583BA9BB151972A2008B7A74 /* back@2x~iphone.png */; };
		583BA9C0151972A2008B7A74 /* back~ipad.png in Resources */ = {isa = PBXBuildFile; fileRef = 583BA9BC151972A2008B7A74 /* back~ipad.png */; };
		583BA9C1151972A2008B7A74 /* back~iphone.png in Resources */ = {isa = PBXBuildFile; fileRef = 583BA9BD151972A2008B7A74 /* back~iphone.png */; };
		583BAA30151972E2008B7A74 /* about_us_button_normal@2x~iphone.png in Resources */ = {isa = PBXBuildFile; fileRef = 583BAA12151972E2008B7A74 /* about_us_button_normal@2x~iphone.png */; };
		583BAA31151972E2008B7A74 /* about_us_button_normal~ipad.png in Resources */ = {isa = PBXBuildFile; fileRef = 583BAA14151972E2008B7A74 /* about_us_button_normal~ipad.png */; };
		583BAA32151972E2008B7A74 /* about_us_button_normal~iphone.png in Resources */ = {isa = PBXBuildFile; fileRef = 583BAA16151972E2008B7A74 /* about_us_button_normal~iphone.png */; };
		583BAA33151972E2008B7A74 /* check_button_normal@2x~iphone.png in Resources */ = {isa = PBXBuildFile; fileRef = 583BAA18151972E2008B7A74 /* check_button_normal@2x~iphone.png */; };
		583BAA34151972E2008B7A74 /* check_button_normal~ipad.png in Resources */ = {isa = PBXBuildFile; fileRef = 583BAA1A151972E2008B7A74 /* check_button_normal~ipad.png */; };
		583BAA35151972E2008B7A74 /* check_button_normal~iphone.png in Resources */ = {isa = PBXBuildFile; fileRef = 583BAA1C151972E2008B7A74 /* check_button_normal~iphone.png */; };
		583BAA36151972E2008B7A74 /* combine_button_normal@2x~iphone.png in Resources */ = {isa = PBXBuildFile; fileRef = 583BAA1E151972E2008B7A74 /* combine_button_normal@2x~iphone.png */; };
		583BAA37151972E2008B7A74 /* combine_button_normal~ipad.png in Resources */ = {isa = PBXBuildFile; fileRef = 583BAA20151972E2008B7A74 /* combine_button_normal~ipad.png */; };
		583BAA38151972E2008B7A74 /* combine_button_normal~iphone.png in Resources */ = {isa = PBXBuildFile; fileRef = 583BAA22151972E2008B7A74 /* combine_button_normal~iphone.png */; };
		583BAA39151972E2008B7A74 /* guess_button_normal@2x~iphone.png in Resources */ = {isa = PBXBuildFile; fileRef = 583BAA24151972E2008B7A74 /* guess_button_normal@2x~iphone.png */; };
		583BAA3A151972E2008B7A74 /* guess_button_normal~ipad.png in Resources */ = {isa = PBXBuildFile; fileRef = 583BAA26151972E2008B7A74 /* guess_button_normal~ipad.png */; };
		583BAA3B151972E2008B7A74 /* guess_button_normal~iphone.png in Resources */ = {isa = PBXBuildFile; fileRef = 583BAA28151972E2008B7A74 /* guess_button_normal~iphone.png */; };
		583BAA3C151972E2008B7A74 /* who_am_i_button_normal@2x~iphone.png in Resources */ = {isa = PBXBuildFile; fileRef = 583BAA2A151972E2008B7A74 /* who_am_i_button_normal@2x~iphone.png */; };
		583BAA3D151972E2008B7A74 /* who_am_i_button_normal~ipad.png in Resources */ = {isa = PBXBuildFile; fileRef = 583BAA2C151972E2008B7A74 /* who_am_i_button_normal~ipad.png */; };
		583BAA3E151972E2008B7A74 /* who_am_i_button_normal~iphone.png in Resources */ = {isa = PBXBuildFile; fileRef = 583BAA2E151972E2008B7A74 /* who_am_i_button_normal~iphone.png */; };
		583BAA4A151972EC008B7A74 /* about_us_button_normal@2x~iphone.png in Resources */ = {isa = PBXBuildFile; fileRef = 583BAA12151972E2008B7A74 /* about_us_button_normal@2x~iphone.png */; };
		583BAA4B151972EC008B7A74 /* about_us_button_normal~ipad.png in Resources */ = {isa = PBXBuildFile; fileRef = 583BAA14151972E2008B7A74 /* about_us_button_normal~ipad.png */; };
		583BAA4C151972EC008B7A74 /* about_us_button_normal~iphone.png in Resources */ = {isa = PBXBuildFile; fileRef = 583BAA16151972E2008B7A74 /* about_us_button_normal~iphone.png */; };
		583BAA4D151972EC008B7A74 /* check_button_normal@2x~iphone.png in Resources */ = {isa = PBXBuildFile; fileRef = 583BAA18151972E2008B7A74 /* check_button_normal@2x~iphone.png */; };
		583BAA4E151972EC008B7A74 /* check_button_normal~ipad.png in Resources */ = {isa = PBXBuildFile; fileRef = 583BAA1A151972E2008B7A74 /* check_button_normal~ipad.png */; };
		583BAA4F151972EC008B7A74 /* check_button_normal~iphone.png in Resources */ = {isa = PBXBuildFile; fileRef = 583BAA1C151972E2008B7A74 /* check_button_normal~iphone.png */; };
		583BAA50151972EC008B7A74 /* combine_button_normal@2x~iphone.png in Resources */ = {isa = PBXBuildFile; fileRef = 583BAA1E151972E2008B7A74 /* combine_button_normal@2x~iphone.png */; };
		583BAA51151972EC008B7A74 /* combine_button_normal~ipad.png in Resources */ = {isa = PBXBuildFile; fileRef = 583BAA20151972E2008B7A74 /* combine_button_normal~ipad.png */; };
		583BAA52151972EC008B7A74 /* combine_button_normal~iphone.png in Resources */ = {isa = PBXBuildFile; fileRef = 583BAA22151972E2008B7A74 /* combine_button_normal~iphone.png */; };
		583BAA53151972EC008B7A74 /* guess_button_normal@2x~iphone.png in Resources */ = {isa = PBXBuildFile; fileRef = 583BAA24151972E2008B7A74 /* guess_button_normal@2x~iphone.png */; };
		583BAA54151972EC008B7A74 /* guess_button_normal~ipad.png in Resources */ = {isa = PBXBuildFile; fileRef = 583BAA26151972E2008B7A74 /* guess_button_normal~ipad.png */; };
		583BAA5815197319008B7A74 /* logo_bottom@2x~iphone.png in Resources */ = {isa = PBXBuildFile; fileRef = 583BAA5515197319008B7A74 /* logo_bottom@2x~iphone.png */; };
		583BAA5915197319008B7A74 /* logo_bottom~ipad.png in Resources */ = {isa = PBXBuildFile; fileRef = 583BAA5615197319008B7A74 /* logo_bottom~ipad.png */; };
		583BAA5A15197319008B7A74 /* logo_bottom~iphone.png in Resources */ = {isa = PBXBuildFile; fileRef = 583BAA5715197319008B7A74 /* logo_bottom~iphone.png */; };
		583BAA6115197320008B7A74 /* logo@2x~iphone.png in Resources */ = {isa = PBXBuildFile; fileRef = 583BAA5B15197320008B7A74 /* logo@2x~iphone.png */; };
		583BAA6215197320008B7A74 /* logo~ipad.png in Resources */ = {isa = PBXBuildFile; fileRef = 583BAA5D15197320008B7A74 /* logo~ipad.png */; };
		583BAA6315197320008B7A74 /* logo~iphone.png in Resources */ = {isa = PBXBuildFile; fileRef = 583BAA5F15197320008B7A74 /* logo~iphone.png */; };
		583BAA671519733B008B7A74 /* logo@2x~iphone.png in Resources */ = {isa = PBXBuildFile; fileRef = 583BAA5B15197320008B7A74 /* logo@2x~iphone.png */; };
		583BAA681519733B008B7A74 /* logo~ipad.png in Resources */ = {isa = PBXBuildFile; fileRef = 583BAA5D15197320008B7A74 /* logo~ipad.png */; };
		583BAA691519733B008B7A74 /* logo~iphone.png in Resources */ = {isa = PBXBuildFile; fileRef = 583BAA5F15197320008B7A74 /* logo~iphone.png */; };
		586D140214FE46AC002A6150 /* animals in Resources */ = {isa = PBXBuildFile; fileRef = 586D140114FE46AC002A6150 /* animals */; };
		586D140614FE4785002A6150 /* ImageManager.m in Sources */ = {isa = PBXBuildFile; fileRef = 586D140514FE4785002A6150 /* ImageManager.m */; };
		587003ED14F7748E00A727B8 /* UIKit.framework in Frameworks */ = {isa = PBXBuildFile; fileRef = 587003EC14F7748E00A727B8 /* UIKit.framework */; };
		587003EF14F7748E00A727B8 /* Foundation.framework in Frameworks */ = {isa = PBXBuildFile; fileRef = 587003EE14F7748E00A727B8 /* Foundation.framework */; };
		587003F114F7748E00A727B8 /* CoreGraphics.framework in Frameworks */ = {isa = PBXBuildFile; fileRef = 587003F014F7748E00A727B8 /* CoreGraphics.framework */; };
		587003F914F7748E00A727B8 /* main.m in Sources */ = {isa = PBXBuildFile; fileRef = 587003F814F7748E00A727B8 /* main.m */; };
		587003FD14F7748E00A727B8 /* AppDelegate.m in Sources */ = {isa = PBXBuildFile; fileRef = 587003FC14F7748E00A727B8 /* AppDelegate.m */; };
		5870042514F7781E00A727B8 /* GameViewController.m in Sources */ = {isa = PBXBuildFile; fileRef = 5870042414F7781E00A727B8 /* GameViewController.m */; };
		5870042814F7783000A727B8 /* AnimalsView.m in Sources */ = {isa = PBXBuildFile; fileRef = 5870042714F7783000A727B8 /* AnimalsView.m */; };
		589C89C71504C61B00A1D06D /* NSDate+Time.m in Sources */ = {isa = PBXBuildFile; fileRef = 589C89C61504C61B00A1D06D /* NSDate+Time.m */; };
		58DF9B271507038000FD620F /* about.html in Resources */ = {isa = PBXBuildFile; fileRef = 58DF9B1F1507038000FD620F /* about.html */; };
		58DF9BA51507041600FD620F /* bee_full.wav in Resources */ = {isa = PBXBuildFile; fileRef = 58DF9B581507041600FD620F /* bee_full.wav */; };
		58DF9BA61507041600FD620F /* bee_part.wav in Resources */ = {isa = PBXBuildFile; fileRef = 58DF9B5A1507041600FD620F /* bee_part.wav */; };
		58DF9BA71507041600FD620F /* cat_full.wav in Resources */ = {isa = PBXBuildFile; fileRef = 58DF9B5C1507041600FD620F /* cat_full.wav */; };
		58DF9BA81507041600FD620F /* cat_part.wav in Resources */ = {isa = PBXBuildFile; fileRef = 58DF9B5E1507041600FD620F /* cat_part.wav */; };
		58DF9BA91507041600FD620F /* dolphin_full.wav in Resources */ = {isa = PBXBuildFile; fileRef = 58DF9B601507041600FD620F /* dolphin_full.wav */; };
		58DF9BAA1507041600FD620F /* dolphin_part.wav in Resources */ = {isa = PBXBuildFile; fileRef = 58DF9B621507041600FD620F /* dolphin_part.wav */; };
		58DF9BAB1507041600FD620F /* good_boy.wav in Resources */ = {isa = PBXBuildFile; fileRef = 58DF9B641507041600FD620F /* good_boy.wav */; };
		58DF9BAC1507041600FD620F /* good_job.wav in Resources */ = {isa = PBXBuildFile; fileRef = 58DF9B661507041600FD620F /* good_job.wav */; };
		58DF9BAD1507041600FD620F /* goose_full.wav in Resources */ = {isa = PBXBuildFile; fileRef = 58DF9B681507041600FD620F /* goose_full.wav */; };
		58DF9BAE1507041600FD620F /* goose_part.wav in Resources */ = {isa = PBXBuildFile; fileRef = 58DF9B6A1507041600FD620F /* goose_part.wav */; };
		58DF9BAF1507041600FD620F /* horse_full.wav in Resources */ = {isa = PBXBuildFile; fileRef = 58DF9B6C1507041600FD620F /* horse_full.wav */; };
		58DF9BB01507041600FD620F /* horse_part.wav in Resources */ = {isa = PBXBuildFile; fileRef = 58DF9B6E1507041600FD620F /* horse_part.wav */; };
		58DF9BB11507041600FD620F /* how_it_looks.wav in Resources */ = {isa = PBXBuildFile; fileRef = 58DF9B701507041600FD620F /* how_it_looks.wav */; };
		58DF9BB21507041600FD620F /* its_correct.wav in Resources */ = {isa = PBXBuildFile; fileRef = 58DF9B721507041600FD620F /* its_correct.wav */; };
		58DF9BB31507041600FD620F /* its_good.wav in Resources */ = {isa = PBXBuildFile; fileRef = 58DF9B741507041600FD620F /* its_good.wav */; };
		58DF9BB41507041600FD620F /* loose.wav in Resources */ = {isa = PBXBuildFile; fileRef = 58DF9B761507041600FD620F /* loose.wav */; };
		58DF9BB51507041600FD620F /* not_right.wav in Resources */ = {isa = PBXBuildFile; fileRef = 58DF9B781507041600FD620F /* not_right.wav */; };
		58DF9BB61507041600FD620F /* not_right2.wav in Resources */ = {isa = PBXBuildFile; fileRef = 58DF9B7A1507041600FD620F /* not_right2.wav */; };
		58DF9BB71507041600FD620F /* this_is.wav in Resources */ = {isa = PBXBuildFile; fileRef = 58DF9B7C1507041600FD620F /* this_is.wav */; };
		58DF9BB81507041600FD620F /* well_done.wav in Resources */ = {isa = PBXBuildFile; fileRef = 58DF9B7E1507041600FD620F /* well_done.wav */; };
		58DF9BB91507041600FD620F /* win.wav in Resources */ = {isa = PBXBuildFile; fileRef = 58DF9B801507041600FD620F /* win.wav */; };
		58DF9BBC150704EC00FD620F /* Localizable.strings in Resources */ = {isa = PBXBuildFile; fileRef = 58DF9BBA150704EC00FD620F /* Localizable.strings */; };
		58DF9BC71507069600FD620F /* star.png in Resources */ = {isa = PBXBuildFile; fileRef = 58DF9BC81507069600FD620F /* star.png */; };
		58DF9BC91507069E00FD620F /* flower.png in Resources */ = {isa = PBXBuildFile; fileRef = 58DF9BCA1507069E00FD620F /* flower.png */; };
/* End PBXBuildFile section */

/* Begin PBXFileReference section */
		58060BE31505A5290033EAE8 /* AboutView.h */ = {isa = PBXFileReference; fileEncoding = 4; lastKnownFileType = sourcecode.c.h; path = AboutView.h; sourceTree = "<group>"; };
		58060BE41505A5290033EAE8 /* AboutView.m */ = {isa = PBXFileReference; fileEncoding = 4; lastKnownFileType = sourcecode.c.objc; path = AboutView.m; sourceTree = "<group>"; };
		58060BE61505A5D10033EAE8 /* AboutViewController.h */ = {isa = PBXFileReference; fileEncoding = 4; lastKnownFileType = sourcecode.c.h; path = AboutViewController.h; sourceTree = "<group>"; };
		58060BE71505A5D10033EAE8 /* AboutViewController.m */ = {isa = PBXFileReference; fileEncoding = 4; lastKnownFileType = sourcecode.c.objc; path = AboutViewController.m; sourceTree = "<group>"; };
		58060BE91505A5EF0033EAE8 /* AbsractView.h */ = {isa = PBXFileReference; fileEncoding = 4; lastKnownFileType = sourcecode.c.h; path = AbsractView.h; sourceTree = "<group>"; };
		58060BEA1505A5EF0033EAE8 /* AbsractView.m */ = {isa = PBXFileReference; fileEncoding = 4; lastKnownFileType = sourcecode.c.objc; path = AbsractView.m; sourceTree = "<group>"; };
		580B8E4415005311001B38ED /* PuzzleViewController.h */ = {isa = PBXFileReference; fileEncoding = 4; lastKnownFileType = sourcecode.c.h; path = PuzzleViewController.h; sourceTree = "<group>"; };
		580B8E4515005311001B38ED /* PuzzleViewController.m */ = {isa = PBXFileReference; fileEncoding = 4; lastKnownFileType = sourcecode.c.objc; path = PuzzleViewController.m; sourceTree = "<group>"; };
		580B8E481500532D001B38ED /* PuzzleView.h */ = {isa = PBXFileReference; fileEncoding = 4; lastKnownFileType = sourcecode.c.h; path = PuzzleView.h; sourceTree = "<group>"; };
		580B8E491500532D001B38ED /* PuzzleView.m */ = {isa = PBXFileReference; fileEncoding = 4; lastKnownFileType = sourcecode.c.objc; path = PuzzleView.m; sourceTree = "<group>"; };
		580B8E4B1500558D001B38ED /* Puzzle.h */ = {isa = PBXFileReference; fileEncoding = 4; lastKnownFileType = sourcecode.c.h; path = Puzzle.h; sourceTree = "<group>"; };
		580B8E4C1500558D001B38ED /* Puzzle.m */ = {isa = PBXFileReference; fileEncoding = 4; lastKnownFileType = sourcecode.c.objc; path = Puzzle.m; sourceTree = "<group>"; };
		580B8E4E15005731001B38ED /* GameState.h */ = {isa = PBXFileReference; fileEncoding = 4; lastKnownFileType = sourcecode.c.h; path = GameState.h; sourceTree = "<group>"; };
		580B8E4F15005731001B38ED /* GameState.m */ = {isa = PBXFileReference; fileEncoding = 4; lastKnownFileType = sourcecode.c.objc; path = GameState.m; sourceTree = "<group>"; };
		580B8E51150066A0001B38ED /* icon.png */ = {isa = PBXFileReference; lastKnownFileType = image.png; name = icon.png; path = ../../icon.png; sourceTree = "<group>"; };
		580B8E53150066A6001B38ED /* icon@2x.png */ = {isa = PBXFileReference; lastKnownFileType = image.png; name = "icon@2x.png"; path = "../../icon@2x.png"; sourceTree = "<group>"; };
		580B8E55150066AB001B38ED /* icon~ipad.png */ = {isa = PBXFileReference; lastKnownFileType = image.png; name = "icon~ipad.png"; path = "../../icon~ipad.png"; sourceTree = "<group>"; };
		581FC30814FF116B001B2287 /* UIImage+ContentsOfFile.h */ = {isa = PBXFileReference; fileEncoding = 4; lastKnownFileType = sourcecode.c.h; path = "UIImage+ContentsOfFile.h"; sourceTree = "<group>"; };
		581FC30914FF116B001B2287 /* UIImage+ContentsOfFile.m */ = {isa = PBXFileReference; fileEncoding = 4; lastKnownFileType = sourcecode.c.objc; path = "UIImage+ContentsOfFile.m"; sourceTree = "<group>"; };
		581FC33914FF1599001B2287 /* AudioManager.h */ = {isa = PBXFileReference; fileEncoding = 4; lastKnownFileType = sourcecode.c.h; path = AudioManager.h; sourceTree = "<group>"; };
		581FC33A14FF1599001B2287 /* AudioManager.m */ = {isa = PBXFileReference; fileEncoding = 4; lastKnownFileType = sourcecode.c.objc; path = AudioManager.m; sourceTree = "<group>"; };
		581FC33C14FF15AA001B2287 /* AVFoundation.framework */ = {isa = PBXFileReference; lastKnownFileType = wrapper.framework; name = AVFoundation.framework; path = System/Library/Frameworks/AVFoundation.framework; sourceTree = SDKROOT; };
		581FC34614FF8E01001B2287 /* Security.framework */ = {isa = PBXFileReference; lastKnownFileType = wrapper.framework; name = Security.framework; path = System/Library/Frameworks/Security.framework; sourceTree = SDKROOT; };
		581FC34914FF9231001B2287 /* GameView.h */ = {isa = PBXFileReference; fileEncoding = 4; lastKnownFileType = sourcecode.c.h; path = GameView.h; sourceTree = "<group>"; };
		581FC34A14FF9231001B2287 /* GameView.m */ = {isa = PBXFileReference; fileEncoding = 4; lastKnownFileType = sourcecode.c.objc; path = GameView.m; sourceTree = "<group>"; };
		581FC34C14FF99A4001B2287 /* MainView.h */ = {isa = PBXFileReference; fileEncoding = 4; lastKnownFileType = sourcecode.c.h; path = MainView.h; sourceTree = "<group>"; };
		581FC34D14FF99A4001B2287 /* MainView.m */ = {isa = PBXFileReference; fileEncoding = 4; lastKnownFileType = sourcecode.c.objc; path = MainView.m; sourceTree = "<group>"; };
		581FC34F14FF99BF001B2287 /* MainViewController.h */ = {isa = PBXFileReference; fileEncoding = 4; lastKnownFileType = sourcecode.c.h; path = MainViewController.h; sourceTree = "<group>"; };
		581FC35014FF99BF001B2287 /* MainViewController.m */ = {isa = PBXFileReference; fileEncoding = 4; lastKnownFileType = sourcecode.c.objc; path = MainViewController.m; sourceTree = "<group>"; };
		581FC35314FF9A94001B2287 /* background.png */ = {isa = PBXFileReference; lastKnownFileType = image.png; path = background.png; sourceTree = "<group>"; };
		581FC35514FF9B1A001B2287 /* background@2x.png */ = {isa = PBXFileReference; lastKnownFileType = image.png; path = "background@2x.png"; sourceTree = "<group>"; };
		581FC35714FF9B88001B2287 /* background~ipad.png */ = {isa = PBXFileReference; lastKnownFileType = image.png; path = "background~ipad.png"; sourceTree = "<group>"; };
		582F52C714FCF36400CB27A1 /* InfiniteScrollView.h */ = {isa = PBXFileReference; fileEncoding = 4; lastKnownFileType = sourcecode.c.h; path = InfiniteScrollView.h; sourceTree = "<group>"; };
		582F52C814FCF36400CB27A1 /* InfiniteScrollView.m */ = {isa = PBXFileReference; fileEncoding = 4; lastKnownFileType = sourcecode.c.objc; path = InfiniteScrollView.m; sourceTree = "<group>"; };
		583BA9B615197260008B7A74 /* about_logo_en.png */ = {isa = PBXFileReference; lastKnownFileType = image.png; path = about_logo_en.png; sourceTree = "<group>"; };
		583BA9B715197260008B7A74 /* about_logo_ru.png */ = {isa = PBXFileReference; lastKnownFileType = image.png; path = about_logo_ru.png; sourceTree = "<group>"; };
		583BA9BA151972A2008B7A74 /* back@2x~ipad.png */ = {isa = PBXFileReference; lastKnownFileType = image.png; path = "back@2x~ipad.png"; sourceTree = "<group>"; };
		583BA9BB151972A2008B7A74 /* back@2x~iphone.png */ = {isa = PBXFileReference; lastKnownFileType = image.png; path = "back@2x~iphone.png"; sourceTree = "<group>"; };
		583BA9BC151972A2008B7A74 /* back~ipad.png */ = {isa = PBXFileReference; lastKnownFileType = image.png; path = "back~ipad.png"; sourceTree = "<group>"; };
		583BA9BD151972A2008B7A74 /* back~iphone.png */ = {isa = PBXFileReference; lastKnownFileType = image.png; path = "back~iphone.png"; sourceTree = "<group>"; };
		583BAA13151972E2008B7A74 /* en */ = {isa = PBXFileReference; lastKnownFileType = image.png; name = en; path = "en.lproj/about_us_button_normal@2x~iphone.png"; sourceTree = "<group>"; };
		583BAA15151972E2008B7A74 /* en */ = {isa = PBXFileReference; lastKnownFileType = image.png; name = en; path = "en.lproj/about_us_button_normal~ipad.png"; sourceTree = "<group>"; };
		583BAA17151972E2008B7A74 /* en */ = {isa = PBXFileReference; lastKnownFileType = image.png; name = en; path = "en.lproj/about_us_button_normal~iphone.png"; sourceTree = "<group>"; };
		583BAA19151972E2008B7A74 /* en */ = {isa = PBXFileReference; lastKnownFileType = image.png; name = en; path = "en.lproj/check_button_normal@2x~iphone.png"; sourceTree = "<group>"; };
		583BAA1B151972E2008B7A74 /* en */ = {isa = PBXFileReference; lastKnownFileType = image.png; name = en; path = "en.lproj/check_button_normal~ipad.png"; sourceTree = "<group>"; };
		583BAA1D151972E2008B7A74 /* en */ = {isa = PBXFileReference; lastKnownFileType = image.png; name = en; path = "en.lproj/check_button_normal~iphone.png"; sourceTree = "<group>"; };
		583BAA1F151972E2008B7A74 /* en */ = {isa = PBXFileReference; lastKnownFileType = image.png; name = en; path = "en.lproj/combine_button_normal@2x~iphone.png"; sourceTree = "<group>"; };
		583BAA21151972E2008B7A74 /* en */ = {isa = PBXFileReference; lastKnownFileType = image.png; name = en; path = "en.lproj/combine_button_normal~ipad.png"; sourceTree = "<group>"; };
		583BAA23151972E2008B7A74 /* en */ = {isa = PBXFileReference; lastKnownFileType = image.png; name = en; path = "en.lproj/combine_button_normal~iphone.png"; sourceTree = "<group>"; };
		583BAA25151972E2008B7A74 /* en */ = {isa = PBXFileReference; lastKnownFileType = image.png; name = en; path = "en.lproj/guess_button_normal@2x~iphone.png"; sourceTree = "<group>"; };
		583BAA27151972E2008B7A74 /* en */ = {isa = PBXFileReference; lastKnownFileType = image.png; name = en; path = "en.lproj/guess_button_normal~ipad.png"; sourceTree = "<group>"; };
		583BAA29151972E2008B7A74 /* en */ = {isa = PBXFileReference; lastKnownFileType = image.png; name = en; path = "en.lproj/guess_button_normal~iphone.png"; sourceTree = "<group>"; };
		583BAA2B151972E2008B7A74 /* en */ = {isa = PBXFileReference; lastKnownFileType = image.png; name = en; path = "en.lproj/who_am_i_button_normal@2x~iphone.png"; sourceTree = "<group>"; };
		583BAA2D151972E2008B7A74 /* en */ = {isa = PBXFileReference; lastKnownFileType = image.png; name = en; path = "en.lproj/who_am_i_button_normal~ipad.png"; sourceTree = "<group>"; };
		583BAA2F151972E2008B7A74 /* en */ = {isa = PBXFileReference; lastKnownFileType = image.png; name = en; path = "en.lproj/who_am_i_button_normal~iphone.png"; sourceTree = "<group>"; };
		583BAA3F151972EC008B7A74 /* ru */ = {isa = PBXFileReference; lastKnownFileType = image.png; name = ru; path = "ru.lproj/about_us_button_normal@2x~iphone.png"; sourceTree = "<group>"; };
		583BAA40151972EC008B7A74 /* ru */ = {isa = PBXFileReference; lastKnownFileType = image.png; name = ru; path = "ru.lproj/about_us_button_normal~ipad.png"; sourceTree = "<group>"; };
		583BAA41151972EC008B7A74 /* ru */ = {isa = PBXFileReference; lastKnownFileType = image.png; name = ru; path = "ru.lproj/about_us_button_normal~iphone.png"; sourceTree = "<group>"; };
		583BAA42151972EC008B7A74 /* ru */ = {isa = PBXFileReference; lastKnownFileType = image.png; name = ru; path = "ru.lproj/check_button_normal~iphone.png"; sourceTree = "<group>"; };
		583BAA43151972EC008B7A74 /* ru */ = {isa = PBXFileReference; lastKnownFileType = image.png; name = ru; path = "ru.lproj/combine_button_normal@2x~iphone.png"; sourceTree = "<group>"; };
		583BAA44151972EC008B7A74 /* ru */ = {isa = PBXFileReference; lastKnownFileType = image.png; name = ru; path = "ru.lproj/combine_button_normal~ipad.png"; sourceTree = "<group>"; };
		583BAA45151972EC008B7A74 /* ru */ = {isa = PBXFileReference; lastKnownFileType = image.png; name = ru; path = "ru.lproj/combine_button_normal~iphone.png"; sourceTree = "<group>"; };
		583BAA46151972EC008B7A74 /* ru */ = {isa = PBXFileReference; lastKnownFileType = image.png; name = ru; path = "ru.lproj/guess_button_normal@2x~iphone.png"; sourceTree = "<group>"; };
		583BAA47151972EC008B7A74 /* ru */ = {isa = PBXFileReference; lastKnownFileType = image.png; name = ru; path = "ru.lproj/guess_button_normal~ipad.png"; sourceTree = "<group>"; };
		583BAA48151972EC008B7A74 /* ru */ = {isa = PBXFileReference; lastKnownFileType = image.png; name = ru; path = "ru.lproj/guess_button_normal~iphone.png"; sourceTree = "<group>"; };
		583BAA49151972EC008B7A74 /* ru */ = {isa = PBXFileReference; lastKnownFileType = image.png; name = ru; path = "ru.lproj/who_am_i_button_normal~iphone.png"; sourceTree = "<group>"; };
		583BAA5515197319008B7A74 /* logo_bottom@2x~iphone.png */ = {isa = PBXFileReference; lastKnownFileType = image.png; path = "logo_bottom@2x~iphone.png"; sourceTree = "<group>"; };
		583BAA5615197319008B7A74 /* logo_bottom~ipad.png */ = {isa = PBXFileReference; lastKnownFileType = image.png; path = "logo_bottom~ipad.png"; sourceTree = "<group>"; };
		583BAA5715197319008B7A74 /* logo_bottom~iphone.png */ = {isa = PBXFileReference; lastKnownFileType = image.png; path = "logo_bottom~iphone.png"; sourceTree = "<group>"; };
		583BAA5C15197320008B7A74 /* ru */ = {isa = PBXFileReference; lastKnownFileType = image.png; name = ru; path = "ru.lproj/logo@2x~iphone.png"; sourceTree = "<group>"; };
		583BAA5E15197320008B7A74 /* ru */ = {isa = PBXFileReference; lastKnownFileType = image.png; name = ru; path = "ru.lproj/logo~ipad.png"; sourceTree = "<group>"; };
		583BAA6015197320008B7A74 /* ru */ = {isa = PBXFileReference; lastKnownFileType = image.png; name = ru; path = "ru.lproj/logo~iphone.png"; sourceTree = "<group>"; };
		583BAA641519733B008B7A74 /* en */ = {isa = PBXFileReference; lastKnownFileType = image.png; name = en; path = "en.lproj/logo@2x~iphone.png"; sourceTree = "<group>"; };
		583BAA651519733B008B7A74 /* en */ = {isa = PBXFileReference; lastKnownFileType = image.png; name = en; path = "en.lproj/logo~ipad.png"; sourceTree = "<group>"; };
		583BAA661519733B008B7A74 /* en */ = {isa = PBXFileReference; lastKnownFileType = image.png; name = en; path = "en.lproj/logo~iphone.png"; sourceTree = "<group>"; };
		586D140114FE46AC002A6150 /* animals */ = {isa = PBXFileReference; lastKnownFileType = folder; path = animals; sourceTree = "<group>"; };
		586D140414FE4785002A6150 /* ImageManager.h */ = {isa = PBXFileReference; fileEncoding = 4; lastKnownFileType = sourcecode.c.h; path = ImageManager.h; sourceTree = "<group>"; };
		586D140514FE4785002A6150 /* ImageManager.m */ = {isa = PBXFileReference; fileEncoding = 4; lastKnownFileType = sourcecode.c.objc; path = ImageManager.m; sourceTree = "<group>"; };
		587003E814F7748E00A727B8 /* MixUp.app */ = {isa = PBXFileReference; explicitFileType = wrapper.application; includeInIndex = 0; path = MixUp.app; sourceTree = BUILT_PRODUCTS_DIR; };
		587003EC14F7748E00A727B8 /* UIKit.framework */ = {isa = PBXFileReference; lastKnownFileType = wrapper.framework; name = UIKit.framework; path = System/Library/Frameworks/UIKit.framework; sourceTree = SDKROOT; };
		587003EE14F7748E00A727B8 /* Foundation.framework */ = {isa = PBXFileReference; lastKnownFileType = wrapper.framework; name = Foundation.framework; path = System/Library/Frameworks/Foundation.framework; sourceTree = SDKROOT; };
		587003F014F7748E00A727B8 /* CoreGraphics.framework */ = {isa = PBXFileReference; lastKnownFileType = wrapper.framework; name = CoreGraphics.framework; path = System/Library/Frameworks/CoreGraphics.framework; sourceTree = SDKROOT; };
		587003F414F7748E00A727B8 /* MixUp-Info.plist */ = {isa = PBXFileReference; lastKnownFileType = text.plist.xml; path = "MixUp-Info.plist"; sourceTree = "<group>"; };
		587003F814F7748E00A727B8 /* main.m */ = {isa = PBXFileReference; lastKnownFileType = sourcecode.c.objc; path = main.m; sourceTree = "<group>"; };
		587003FA14F7748E00A727B8 /* MixUp-Prefix.pch */ = {isa = PBXFileReference; lastKnownFileType = sourcecode.c.h; path = "MixUp-Prefix.pch"; sourceTree = "<group>"; };
		587003FB14F7748E00A727B8 /* AppDelegate.h */ = {isa = PBXFileReference; lastKnownFileType = sourcecode.c.h; path = AppDelegate.h; sourceTree = "<group>"; };
		587003FC14F7748E00A727B8 /* AppDelegate.m */ = {isa = PBXFileReference; lastKnownFileType = sourcecode.c.objc; path = AppDelegate.m; sourceTree = "<group>"; };
		5870042314F7781E00A727B8 /* GameViewController.h */ = {isa = PBXFileReference; fileEncoding = 4; lastKnownFileType = sourcecode.c.h; path = GameViewController.h; sourceTree = "<group>"; };
		5870042414F7781E00A727B8 /* GameViewController.m */ = {isa = PBXFileReference; fileEncoding = 4; lastKnownFileType = sourcecode.c.objc; path = GameViewController.m; sourceTree = "<group>"; };
		5870042614F7783000A727B8 /* AnimalsView.h */ = {isa = PBXFileReference; fileEncoding = 4; lastKnownFileType = sourcecode.c.h; path = AnimalsView.h; sourceTree = "<group>"; };
		5870042714F7783000A727B8 /* AnimalsView.m */ = {isa = PBXFileReference; fileEncoding = 4; lastKnownFileType = sourcecode.c.objc; path = AnimalsView.m; sourceTree = "<group>"; };
		589C89C51504C61B00A1D06D /* NSDate+Time.h */ = {isa = PBXFileReference; fileEncoding = 4; lastKnownFileType = sourcecode.c.h; path = "NSDate+Time.h"; sourceTree = "<group>"; };
		589C89C61504C61B00A1D06D /* NSDate+Time.m */ = {isa = PBXFileReference; fileEncoding = 4; lastKnownFileType = sourcecode.c.objc; path = "NSDate+Time.m"; sourceTree = "<group>"; };
		58DF9B241507038000FD620F /* ru */ = {isa = PBXFileReference; lastKnownFileType = text.html; name = ru; path = ru.lproj/about.html; sourceTree = "<group>"; };
		58DF9B591507041600FD620F /* en */ = {isa = PBXFileReference; lastKnownFileType = audio.wav; name = en; path = en.lproj/bee_full.wav; sourceTree = "<group>"; };
		58DF9B5B1507041600FD620F /* en */ = {isa = PBXFileReference; lastKnownFileType = audio.wav; name = en; path = en.lproj/bee_part.wav; sourceTree = "<group>"; };
		58DF9B5D1507041600FD620F /* en */ = {isa = PBXFileReference; lastKnownFileType = audio.wav; name = en; path = en.lproj/cat_full.wav; sourceTree = "<group>"; };
		58DF9B5F1507041600FD620F /* en */ = {isa = PBXFileReference; lastKnownFileType = audio.wav; name = en; path = en.lproj/cat_part.wav; sourceTree = "<group>"; };
		58DF9B611507041600FD620F /* en */ = {isa = PBXFileReference; lastKnownFileType = audio.wav; name = en; path = en.lproj/dolphin_full.wav; sourceTree = "<group>"; };
		58DF9B631507041600FD620F /* en */ = {isa = PBXFileReference; lastKnownFileType = audio.wav; name = en; path = en.lproj/dolphin_part.wav; sourceTree = "<group>"; };
		58DF9B651507041600FD620F /* en */ = {isa = PBXFileReference; lastKnownFileType = audio.wav; name = en; path = en.lproj/good_boy.wav; sourceTree = "<group>"; };
		58DF9B671507041600FD620F /* en */ = {isa = PBXFileReference; lastKnownFileType = audio.wav; name = en; path = en.lproj/good_job.wav; sourceTree = "<group>"; };
		58DF9B691507041600FD620F /* en */ = {isa = PBXFileReference; lastKnownFileType = audio.wav; name = en; path = en.lproj/goose_full.wav; sourceTree = "<group>"; };
		58DF9B6B1507041600FD620F /* en */ = {isa = PBXFileReference; lastKnownFileType = audio.wav; name = en; path = en.lproj/goose_part.wav; sourceTree = "<group>"; };
		58DF9B6D1507041600FD620F /* en */ = {isa = PBXFileReference; lastKnownFileType = audio.wav; name = en; path = en.lproj/horse_full.wav; sourceTree = "<group>"; };
		58DF9B6F1507041600FD620F /* en */ = {isa = PBXFileReference; lastKnownFileType = audio.wav; name = en; path = en.lproj/horse_part.wav; sourceTree = "<group>"; };
		58DF9B711507041600FD620F /* en */ = {isa = PBXFileReference; lastKnownFileType = audio.wav; name = en; path = en.lproj/how_it_looks.wav; sourceTree = "<group>"; };
		58DF9B731507041600FD620F /* en */ = {isa = PBXFileReference; lastKnownFileType = audio.wav; name = en; path = en.lproj/its_correct.wav; sourceTree = "<group>"; };
		58DF9B751507041600FD620F /* en */ = {isa = PBXFileReference; lastKnownFileType = audio.wav; name = en; path = en.lproj/its_good.wav; sourceTree = "<group>"; };
		58DF9B771507041600FD620F /* en */ = {isa = PBXFileReference; lastKnownFileType = audio.wav; name = en; path = en.lproj/loose.wav; sourceTree = "<group>"; };
		58DF9B791507041600FD620F /* en */ = {isa = PBXFileReference; lastKnownFileType = audio.wav; name = en; path = en.lproj/not_right.wav; sourceTree = "<group>"; };
		58DF9B7B1507041600FD620F /* en */ = {isa = PBXFileReference; lastKnownFileType = audio.wav; name = en; path = en.lproj/not_right2.wav; sourceTree = "<group>"; };
		58DF9B7D1507041600FD620F /* en */ = {isa = PBXFileReference; lastKnownFileType = audio.wav; name = en; path = en.lproj/this_is.wav; sourceTree = "<group>"; };
		58DF9B7F1507041600FD620F /* en */ = {isa = PBXFileReference; lastKnownFileType = audio.wav; name = en; path = en.lproj/well_done.wav; sourceTree = "<group>"; };
		58DF9B811507041600FD620F /* en */ = {isa = PBXFileReference; lastKnownFileType = audio.wav; name = en; path = en.lproj/win.wav; sourceTree = "<group>"; };
		58DF9B821507041600FD620F /* ru */ = {isa = PBXFileReference; lastKnownFileType = audio.wav; name = ru; path = ru.lproj/bee_full.wav; sourceTree = "<group>"; };
		58DF9B831507041600FD620F /* ru */ = {isa = PBXFileReference; lastKnownFileType = audio.wav; name = ru; path = ru.lproj/bee_part.wav; sourceTree = "<group>"; };
		58DF9B841507041600FD620F /* ru */ = {isa = PBXFileReference; lastKnownFileType = audio.wav; name = ru; path = ru.lproj/cat_full.wav; sourceTree = "<group>"; };
		58DF9B851507041600FD620F /* ru */ = {isa = PBXFileReference; lastKnownFileType = audio.wav; name = ru; path = ru.lproj/cat_part.wav; sourceTree = "<group>"; };
		58DF9B861507041600FD620F /* ru */ = {isa = PBXFileReference; lastKnownFileType = audio.wav; name = ru; path = ru.lproj/dolphin_full.wav; sourceTree = "<group>"; };
		58DF9B871507041600FD620F /* ru */ = {isa = PBXFileReference; lastKnownFileType = audio.wav; name = ru; path = ru.lproj/dolphin_part.wav; sourceTree = "<group>"; };
		58DF9B881507041600FD620F /* ru */ = {isa = PBXFileReference; lastKnownFileType = audio.wav; name = ru; path = ru.lproj/good_boy.wav; sourceTree = "<group>"; };
		58DF9B891507041600FD620F /* ru */ = {isa = PBXFileReference; lastKnownFileType = audio.wav; name = ru; path = ru.lproj/good_job.wav; sourceTree = "<group>"; };
		58DF9B8A1507041600FD620F /* ru */ = {isa = PBXFileReference; lastKnownFileType = audio.wav; name = ru; path = ru.lproj/goose_full.wav; sourceTree = "<group>"; };
		58DF9B8B1507041600FD620F /* ru */ = {isa = PBXFileReference; lastKnownFileType = audio.wav; name = ru; path = ru.lproj/goose_part.wav; sourceTree = "<group>"; };
		58DF9B8C1507041600FD620F /* ru */ = {isa = PBXFileReference; lastKnownFileType = audio.wav; name = ru; path = ru.lproj/horse_full.wav; sourceTree = "<group>"; };
		58DF9B8D1507041600FD620F /* ru */ = {isa = PBXFileReference; lastKnownFileType = audio.wav; name = ru; path = ru.lproj/horse_part.wav; sourceTree = "<group>"; };
		58DF9B8E1507041600FD620F /* ru */ = {isa = PBXFileReference; lastKnownFileType = audio.wav; name = ru; path = ru.lproj/how_it_looks.wav; sourceTree = "<group>"; };
		58DF9B8F1507041600FD620F /* ru */ = {isa = PBXFileReference; lastKnownFileType = audio.wav; name = ru; path = ru.lproj/its_correct.wav; sourceTree = "<group>"; };
		58DF9B901507041600FD620F /* ru */ = {isa = PBXFileReference; lastKnownFileType = audio.wav; name = ru; path = ru.lproj/its_good.wav; sourceTree = "<group>"; };
		58DF9B911507041600FD620F /* ru */ = {isa = PBXFileReference; lastKnownFileType = audio.wav; name = ru; path = ru.lproj/loose.wav; sourceTree = "<group>"; };
		58DF9B921507041600FD620F /* ru */ = {isa = PBXFileReference; lastKnownFileType = audio.wav; name = ru; path = ru.lproj/not_right.wav; sourceTree = "<group>"; };
		58DF9B931507041600FD620F /* ru */ = {isa = PBXFileReference; lastKnownFileType = audio.wav; name = ru; path = ru.lproj/not_right2.wav; sourceTree = "<group>"; };
		58DF9B941507041600FD620F /* ru */ = {isa = PBXFileReference; lastKnownFileType = audio.wav; name = ru; path = ru.lproj/this_is.wav; sourceTree = "<group>"; };
		58DF9B951507041600FD620F /* ru */ = {isa = PBXFileReference; lastKnownFileType = audio.wav; name = ru; path = ru.lproj/well_done.wav; sourceTree = "<group>"; };
		58DF9B961507041600FD620F /* ru */ = {isa = PBXFileReference; lastKnownFileType = audio.wav; name = ru; path = ru.lproj/win.wav; sourceTree = "<group>"; };
		58DF9BBB150704EC00FD620F /* ru */ = {isa = PBXFileReference; lastKnownFileType = text.plist.strings; name = ru; path = ru.lproj/Localizable.strings; sourceTree = "<group>"; };
		58DF9BBD150704F000FD620F /* en */ = {isa = PBXFileReference; lastKnownFileType = text.plist.strings; name = en; path = en.lproj/Localizable.strings; sourceTree = "<group>"; };
		58DF9BBE150705E400FD620F /* en */ = {isa = PBXFileReference; lastKnownFileType = text.html; name = en; path = en.lproj/about.html; sourceTree = "<group>"; };
		58DF9BC81507069600FD620F /* star.png */ = {isa = PBXFileReference; lastKnownFileType = image.png; path = star.png; sourceTree = "<group>"; };
		58DF9BCA1507069E00FD620F /* flower.png */ = {isa = PBXFileReference; lastKnownFileType = image.png; path = flower.png; sourceTree = "<group>"; };
/* End PBXFileReference section */

/* Begin PBXFrameworksBuildPhase section */
		587003E514F7748E00A727B8 /* Frameworks */ = {
			isa = PBXFrameworksBuildPhase;
			buildActionMask = 2147483647;
			files = (
				581FC34714FF8E01001B2287 /* Security.framework in Frameworks */,
				581FC33D14FF15AA001B2287 /* AVFoundation.framework in Frameworks */,
				587003ED14F7748E00A727B8 /* UIKit.framework in Frameworks */,
				587003EF14F7748E00A727B8 /* Foundation.framework in Frameworks */,
				587003F114F7748E00A727B8 /* CoreGraphics.framework in Frameworks */,
			);
			runOnlyForDeploymentPostprocessing = 0;
		};
/* End PBXFrameworksBuildPhase section */

/* Begin PBXGroup section */
		581FC30714FF1134001B2287 /* Categories */ = {
			isa = PBXGroup;
			children = (
				581FC30814FF116B001B2287 /* UIImage+ContentsOfFile.h */,
				581FC30914FF116B001B2287 /* UIImage+ContentsOfFile.m */,
				589C89C51504C61B00A1D06D /* NSDate+Time.h */,
				589C89C61504C61B00A1D06D /* NSDate+Time.m */,
			);
			path = Categories;
			sourceTree = "<group>";
		};
		581FC35214FF9A94001B2287 /* common */ = {
			isa = PBXGroup;
			children = (
				583BA9BA151972A2008B7A74 /* back@2x~ipad.png */,
				583BA9BB151972A2008B7A74 /* back@2x~iphone.png */,
				583BA9BC151972A2008B7A74 /* back~ipad.png */,
				583BA9BD151972A2008B7A74 /* back~iphone.png */,
				581FC35514FF9B1A001B2287 /* background@2x.png */,
				581FC35314FF9A94001B2287 /* background.png */,
				581FC35714FF9B88001B2287 /* background~ipad.png */,
			);
			name = common;
			path = commom;
			sourceTree = "<group>";
		};
		586D140314FE475A002A6150 /* Model */ = {
			isa = PBXGroup;
			children = (
				586D140414FE4785002A6150 /* ImageManager.h */,
				586D140514FE4785002A6150 /* ImageManager.m */,
				581FC33914FF1599001B2287 /* AudioManager.h */,
				581FC33A14FF1599001B2287 /* AudioManager.m */,
				580B8E4B1500558D001B38ED /* Puzzle.h */,
				580B8E4C1500558D001B38ED /* Puzzle.m */,
				580B8E4E15005731001B38ED /* GameState.h */,
				580B8E4F15005731001B38ED /* GameState.m */,
			);
			path = Model;
			sourceTree = "<group>";
		};
		587003DD14F7748D00A727B8 = {
			isa = PBXGroup;
			children = (
				587003F214F7748E00A727B8 /* MixUp */,
				587003EB14F7748E00A727B8 /* Frameworks */,
				587003E914F7748E00A727B8 /* Products */,
			);
			sourceTree = "<group>";
		};
		587003E914F7748E00A727B8 /* Products */ = {
			isa = PBXGroup;
			children = (
				587003E814F7748E00A727B8 /* MixUp.app */,
			);
			name = Products;
			sourceTree = "<group>";
		};
		587003EB14F7748E00A727B8 /* Frameworks */ = {
			isa = PBXGroup;
			children = (
				581FC34614FF8E01001B2287 /* Security.framework */,
				581FC33C14FF15AA001B2287 /* AVFoundation.framework */,
				587003EC14F7748E00A727B8 /* UIKit.framework */,
				587003EE14F7748E00A727B8 /* Foundation.framework */,
				587003F014F7748E00A727B8 /* CoreGraphics.framework */,
			);
			name = Frameworks;
			sourceTree = "<group>";
		};
		587003F214F7748E00A727B8 /* MixUp */ = {
			isa = PBXGroup;
			children = (
				5870040314F7770B00A727B8 /* Classes */,
				587003FB14F7748E00A727B8 /* AppDelegate.h */,
				587003FC14F7748E00A727B8 /* AppDelegate.m */,
				587003F314F7748E00A727B8 /* Supporting Files */,
				5870040414F7771800A727B8 /* Resources */,
			);
			path = MixUp;
			sourceTree = "<group>";
		};
		587003F314F7748E00A727B8 /* Supporting Files */ = {
			isa = PBXGroup;
			children = (
				58DF9BBA150704EC00FD620F /* Localizable.strings */,
				587003F414F7748E00A727B8 /* MixUp-Info.plist */,
				587003F814F7748E00A727B8 /* main.m */,
				587003FA14F7748E00A727B8 /* MixUp-Prefix.pch */,
			);
			name = "Supporting Files";
			sourceTree = "<group>";
		};
		5870040314F7770B00A727B8 /* Classes */ = {
			isa = PBXGroup;
			children = (
				581FC30714FF1134001B2287 /* Categories */,
				586D140314FE475A002A6150 /* Model */,
				5870042214F777AE00A727B8 /* Views */,
				5870042114F777A500A727B8 /* Controllers */,
			);
			path = Classes;
			sourceTree = "<group>";
		};
		5870040414F7771800A727B8 /* Resources */ = {
			isa = PBXGroup;
			children = (
				58DF9B2B1507041600FD620F /* buttons */,
				58DF9B4D1507041600FD620F /* logo */,
				58DF9B571507041600FD620F /* sounds */,
				58DF9B1E1507038000FD620F /* about */,
				580B8E55150066AB001B38ED /* icon~ipad.png */,
				580B8E53150066A6001B38ED /* icon@2x.png */,
				580B8E51150066A0001B38ED /* icon.png */,
				581FC35214FF9A94001B2287 /* common */,
				586D140114FE46AC002A6150 /* animals */,
			);
			path = Resources;
			sourceTree = "<group>";
		};
		5870042114F777A500A727B8 /* Controllers */ = {
			isa = PBXGroup;
			children = (
				581FC34F14FF99BF001B2287 /* MainViewController.h */,
				581FC35014FF99BF001B2287 /* MainViewController.m */,
				5870042314F7781E00A727B8 /* GameViewController.h */,
				5870042414F7781E00A727B8 /* GameViewController.m */,
				580B8E4415005311001B38ED /* PuzzleViewController.h */,
				580B8E4515005311001B38ED /* PuzzleViewController.m */,
				58060BE61505A5D10033EAE8 /* AboutViewController.h */,
				58060BE71505A5D10033EAE8 /* AboutViewController.m */,
			);
			path = Controllers;
			sourceTree = "<group>";
		};
		5870042214F777AE00A727B8 /* Views */ = {
			isa = PBXGroup;
			children = (
				581FC34C14FF99A4001B2287 /* MainView.h */,
				581FC34D14FF99A4001B2287 /* MainView.m */,
				5870042614F7783000A727B8 /* AnimalsView.h */,
				5870042714F7783000A727B8 /* AnimalsView.m */,
				582F52C714FCF36400CB27A1 /* InfiniteScrollView.h */,
				582F52C814FCF36400CB27A1 /* InfiniteScrollView.m */,
				581FC34914FF9231001B2287 /* GameView.h */,
				581FC34A14FF9231001B2287 /* GameView.m */,
				580B8E481500532D001B38ED /* PuzzleView.h */,
				580B8E491500532D001B38ED /* PuzzleView.m */,
				58060BE31505A5290033EAE8 /* AboutView.h */,
				58060BE41505A5290033EAE8 /* AboutView.m */,
				58060BE91505A5EF0033EAE8 /* AbsractView.h */,
				58060BEA1505A5EF0033EAE8 /* AbsractView.m */,
			);
			path = Views;
			sourceTree = "<group>";
		};
		58DF9B1E1507038000FD620F /* about */ = {
			isa = PBXGroup;
			children = (
				583BA9B615197260008B7A74 /* about_logo_en.png */,
				583BA9B715197260008B7A74 /* about_logo_ru.png */,
				58DF9B1F1507038000FD620F /* about.html */,
				58DF9BCA1507069E00FD620F /* flower.png */,
				58DF9BC81507069600FD620F /* star.png */,
			);
			path = about;
			sourceTree = "<group>";
		};
		58DF9B2B1507041600FD620F /* buttons */ = {
			isa = PBXGroup;
			children = (
				583BAA12151972E2008B7A74 /* about_us_button_normal@2x~iphone.png */,
				583BAA14151972E2008B7A74 /* about_us_button_normal~ipad.png */,
				583BAA16151972E2008B7A74 /* about_us_button_normal~iphone.png */,
				583BAA18151972E2008B7A74 /* check_button_normal@2x~iphone.png */,
				583BAA1A151972E2008B7A74 /* check_button_normal~ipad.png */,
				583BAA1C151972E2008B7A74 /* check_button_normal~iphone.png */,
				583BAA1E151972E2008B7A74 /* combine_button_normal@2x~iphone.png */,
				583BAA20151972E2008B7A74 /* combine_button_normal~ipad.png */,
				583BAA22151972E2008B7A74 /* combine_button_normal~iphone.png */,
				583BAA24151972E2008B7A74 /* guess_button_normal@2x~iphone.png */,
				583BAA26151972E2008B7A74 /* guess_button_normal~ipad.png */,
				583BAA28151972E2008B7A74 /* guess_button_normal~iphone.png */,
				583BAA2A151972E2008B7A74 /* who_am_i_button_normal@2x~iphone.png */,
				583BAA2C151972E2008B7A74 /* who_am_i_button_normal~ipad.png */,
				583BAA2E151972E2008B7A74 /* who_am_i_button_normal~iphone.png */,
			);
			path = buttons;
			sourceTree = "<group>";
		};
		58DF9B4D1507041600FD620F /* logo */ = {
			isa = PBXGroup;
			children = (
				583BAA5B15197320008B7A74 /* logo@2x~iphone.png */,
				583BAA5D15197320008B7A74 /* logo~ipad.png */,
				583BAA5F15197320008B7A74 /* logo~iphone.png */,
				583BAA5515197319008B7A74 /* logo_bottom@2x~iphone.png */,
				583BAA5615197319008B7A74 /* logo_bottom~ipad.png */,
				583BAA5715197319008B7A74 /* logo_bottom~iphone.png */,
			);
			path = logo;
			sourceTree = "<group>";
		};
		58DF9B571507041600FD620F /* sounds */ = {
			isa = PBXGroup;
			children = (
				58DF9B581507041600FD620F /* bee_full.wav */,
				58DF9B5A1507041600FD620F /* bee_part.wav */,
				58DF9B5C1507041600FD620F /* cat_full.wav */,
				58DF9B5E1507041600FD620F /* cat_part.wav */,
				58DF9B601507041600FD620F /* dolphin_full.wav */,
				58DF9B621507041600FD620F /* dolphin_part.wav */,
				58DF9B641507041600FD620F /* good_boy.wav */,
				58DF9B661507041600FD620F /* good_job.wav */,
				58DF9B681507041600FD620F /* goose_full.wav */,
				58DF9B6A1507041600FD620F /* goose_part.wav */,
				58DF9B6C1507041600FD620F /* horse_full.wav */,
				58DF9B6E1507041600FD620F /* horse_part.wav */,
				58DF9B701507041600FD620F /* how_it_looks.wav */,
				58DF9B721507041600FD620F /* its_correct.wav */,
				58DF9B741507041600FD620F /* its_good.wav */,
				58DF9B761507041600FD620F /* loose.wav */,
				58DF9B781507041600FD620F /* not_right.wav */,
				58DF9B7A1507041600FD620F /* not_right2.wav */,
				58DF9B7C1507041600FD620F /* this_is.wav */,
				58DF9B7E1507041600FD620F /* well_done.wav */,
				58DF9B801507041600FD620F /* win.wav */,
			);
			path = sounds;
			sourceTree = "<group>";
		};
/* End PBXGroup section */

/* Begin PBXNativeTarget section */
		587003E714F7748E00A727B8 /* MixUp */ = {
			isa = PBXNativeTarget;
			buildConfigurationList = 5870040014F7748E00A727B8 /* Build configuration list for PBXNativeTarget "MixUp" */;
			buildPhases = (
				587003E414F7748E00A727B8 /* Sources */,
				587003E514F7748E00A727B8 /* Frameworks */,
				587003E614F7748E00A727B8 /* Resources */,
			);
			buildRules = (
			);
			dependencies = (
			);
			name = MixUp;
			productName = MixUp;
			productReference = 587003E814F7748E00A727B8 /* MixUp.app */;
			productType = "com.apple.product-type.application";
		};
/* End PBXNativeTarget section */

/* Begin PBXProject section */
		587003DF14F7748D00A727B8 /* Project object */ = {
			isa = PBXProject;
			attributes = {
				LastUpgradeCheck = 0420;
				ORGANIZATIONNAME = "Mix Up";
			};
			buildConfigurationList = 587003E214F7748D00A727B8 /* Build configuration list for PBXProject "MixUp" */;
			compatibilityVersion = "Xcode 3.2";
			developmentRegion = English;
			hasScannedForEncodings = 0;
			knownRegions = (
				en,
				ru,
			);
			mainGroup = 587003DD14F7748D00A727B8;
			productRefGroup = 587003E914F7748E00A727B8 /* Products */;
			projectDirPath = "";
			projectRoot = "";
			targets = (
				587003E714F7748E00A727B8 /* MixUp */,
			);
		};
/* End PBXProject section */

/* Begin PBXResourcesBuildPhase section */
		587003E614F7748E00A727B8 /* Resources */ = {
			isa = PBXResourcesBuildPhase;
			buildActionMask = 2147483647;
			files = (
				586D140214FE46AC002A6150 /* animals in Resources */,
				581FC35414FF9A94001B2287 /* background.png in Resources */,
				581FC35614FF9B1A001B2287 /* background@2x.png in Resources */,
				581FC35814FF9B88001B2287 /* background~ipad.png in Resources */,
				580B8E52150066A1001B38ED /* icon.png in Resources */,
				580B8E54150066A6001B38ED /* icon@2x.png in Resources */,
				580B8E56150066AB001B38ED /* icon~ipad.png in Resources */,
				58DF9B271507038000FD620F /* about.html in Resources */,
				58DF9BC91507069E00FD620F /* flower.png in Resources */,
				58DF9BC71507069600FD620F /* star.png in Resources */,
				58DF9BA51507041600FD620F /* bee_full.wav in Resources */,
				58DF9BA61507041600FD620F /* bee_part.wav in Resources */,
				58DF9BA71507041600FD620F /* cat_full.wav in Resources */,
				58DF9BA81507041600FD620F /* cat_part.wav in Resources */,
				58DF9BA91507041600FD620F /* dolphin_full.wav in Resources */,
				58DF9BAA1507041600FD620F /* dolphin_part.wav in Resources */,
				58DF9BAB1507041600FD620F /* good_boy.wav in Resources */,
				58DF9BAC1507041600FD620F /* good_job.wav in Resources */,
				58DF9BAD1507041600FD620F /* goose_full.wav in Resources */,
				58DF9BAE1507041600FD620F /* goose_part.wav in Resources */,
				58DF9BAF1507041600FD620F /* horse_full.wav in Resources */,
				58DF9BB01507041600FD620F /* horse_part.wav in Resources */,
				58DF9BB11507041600FD620F /* how_it_looks.wav in Resources */,
				58DF9BB21507041600FD620F /* its_correct.wav in Resources */,
				58DF9BB31507041600FD620F /* its_good.wav in Resources */,
				58DF9BB41507041600FD620F /* loose.wav in Resources */,
				58DF9BB51507041600FD620F /* not_right.wav in Resources */,
				58DF9BB61507041600FD620F /* not_right2.wav in Resources */,
				58DF9BB71507041600FD620F /* this_is.wav in Resources */,
				58DF9BB81507041600FD620F /* well_done.wav in Resources */,
				58DF9BB91507041600FD620F /* win.wav in Resources */,
				58DF9BBC150704EC00FD620F /* Localizable.strings in Resources */,
				583BA9B815197260008B7A74 /* about_logo_en.png in Resources */,
				583BA9B915197260008B7A74 /* about_logo_ru.png in Resources */,
				583BA9BE151972A2008B7A74 /* back@2x~ipad.png in Resources */,
				583BA9BF151972A2008B7A74 /* back@2x~iphone.png in Resources */,
				583BA9C0151972A2008B7A74 /* back~ipad.png in Resources */,
				583BA9C1151972A2008B7A74 /* back~iphone.png in Resources */,
				583BAA30151972E2008B7A74 /* about_us_button_normal@2x~iphone.png in Resources */,
				583BAA31151972E2008B7A74 /* about_us_button_normal~ipad.png in Resources */,
				583BAA32151972E2008B7A74 /* about_us_button_normal~iphone.png in Resources */,
				583BAA33151972E2008B7A74 /* check_button_normal@2x~iphone.png in Resources */,
				583BAA34151972E2008B7A74 /* check_button_normal~ipad.png in Resources */,
				583BAA35151972E2008B7A74 /* check_button_normal~iphone.png in Resources */,
				583BAA36151972E2008B7A74 /* combine_button_normal@2x~iphone.png in Resources */,
				583BAA37151972E2008B7A74 /* combine_button_normal~ipad.png in Resources */,
				583BAA38151972E2008B7A74 /* combine_button_normal~iphone.png in Resources */,
				583BAA39151972E2008B7A74 /* guess_button_normal@2x~iphone.png in Resources */,
				583BAA3A151972E2008B7A74 /* guess_button_normal~ipad.png in Resources */,
				583BAA3B151972E2008B7A74 /* guess_button_normal~iphone.png in Resources */,
				583BAA3C151972E2008B7A74 /* who_am_i_button_normal@2x~iphone.png in Resources */,
				583BAA3D151972E2008B7A74 /* who_am_i_button_normal~ipad.png in Resources */,
				583BAA3E151972E2008B7A74 /* who_am_i_button_normal~iphone.png in Resources */,
				583BAA4A151972EC008B7A74 /* about_us_button_normal@2x~iphone.png in Resources */,
				583BAA4B151972EC008B7A74 /* about_us_button_normal~ipad.png in Resources */,
				583BAA4C151972EC008B7A74 /* about_us_button_normal~iphone.png in Resources */,
				583BAA4D151972EC008B7A74 /* check_button_normal@2x~iphone.png in Resources */,
				583BAA4E151972EC008B7A74 /* check_button_normal~ipad.png in Resources */,
				583BAA4F151972EC008B7A74 /* check_button_normal~iphone.png in Resources */,
				583BAA50151972EC008B7A74 /* combine_button_normal@2x~iphone.png in Resources */,
				583BAA51151972EC008B7A74 /* combine_button_normal~ipad.png in Resources */,
				583BAA52151972EC008B7A74 /* combine_button_normal~iphone.png in Resources */,
				583BAA53151972EC008B7A74 /* guess_button_normal@2x~iphone.png in Resources */,
				583BAA54151972EC008B7A74 /* guess_button_normal~ipad.png in Resources */,
				583BAA5815197319008B7A74 /* logo_bottom@2x~iphone.png in Resources */,
				583BAA5915197319008B7A74 /* logo_bottom~ipad.png in Resources */,
				583BAA5A15197319008B7A74 /* logo_bottom~iphone.png in Resources */,
				583BAA6115197320008B7A74 /* logo@2x~iphone.png in Resources */,
				583BAA6215197320008B7A74 /* logo~ipad.png in Resources */,
				583BAA6315197320008B7A74 /* logo~iphone.png in Resources */,
				583BAA671519733B008B7A74 /* logo@2x~iphone.png in Resources */,
				583BAA681519733B008B7A74 /* logo~ipad.png in Resources */,
				583BAA691519733B008B7A74 /* logo~iphone.png in Resources */,
			);
			runOnlyForDeploymentPostprocessing = 0;
		};
/* End PBXResourcesBuildPhase section */

/* Begin PBXSourcesBuildPhase section */
		587003E414F7748E00A727B8 /* Sources */ = {
			isa = PBXSourcesBuildPhase;
			buildActionMask = 2147483647;
			files = (
				587003F914F7748E00A727B8 /* main.m in Sources */,
				587003FD14F7748E00A727B8 /* AppDelegate.m in Sources */,
				5870042514F7781E00A727B8 /* GameViewController.m in Sources */,
				5870042814F7783000A727B8 /* AnimalsView.m in Sources */,
				582F52C914FCF36400CB27A1 /* InfiniteScrollView.m in Sources */,
				586D140614FE4785002A6150 /* ImageManager.m in Sources */,
				581FC30A14FF116B001B2287 /* UIImage+ContentsOfFile.m in Sources */,
				581FC33B14FF1599001B2287 /* AudioManager.m in Sources */,
				581FC34B14FF9232001B2287 /* GameView.m in Sources */,
				581FC34E14FF99A5001B2287 /* MainView.m in Sources */,
				581FC35114FF99BF001B2287 /* MainViewController.m in Sources */,
				580B8E4615005311001B38ED /* PuzzleViewController.m in Sources */,
				580B8E4A1500532D001B38ED /* PuzzleView.m in Sources */,
				580B8E4D1500558D001B38ED /* Puzzle.m in Sources */,
				580B8E5015005731001B38ED /* GameState.m in Sources */,
				589C89C71504C61B00A1D06D /* NSDate+Time.m in Sources */,
				58060BE51505A52A0033EAE8 /* AboutView.m in Sources */,
				58060BE81505A5D10033EAE8 /* AboutViewController.m in Sources */,
				58060BEB1505A5EF0033EAE8 /* AbsractView.m in Sources */,
			);
			runOnlyForDeploymentPostprocessing = 0;
		};
/* End PBXSourcesBuildPhase section */

/* Begin PBXVariantGroup section */
		583BAA12151972E2008B7A74 /* about_us_button_normal@2x~iphone.png */ = {
			isa = PBXVariantGroup;
			children = (
				583BAA13151972E2008B7A74 /* en */,
				583BAA3F151972EC008B7A74 /* ru */,
			);
			name = "about_us_button_normal@2x~iphone.png";
			sourceTree = "<group>";
		};
		583BAA14151972E2008B7A74 /* about_us_button_normal~ipad.png */ = {
			isa = PBXVariantGroup;
			children = (
				583BAA15151972E2008B7A74 /* en */,
				583BAA40151972EC008B7A74 /* ru */,
			);
			name = "about_us_button_normal~ipad.png";
			sourceTree = "<group>";
		};
		583BAA16151972E2008B7A74 /* about_us_button_normal~iphone.png */ = {
			isa = PBXVariantGroup;
			children = (
				583BAA17151972E2008B7A74 /* en */,
				583BAA41151972EC008B7A74 /* ru */,
			);
			name = "about_us_button_normal~iphone.png";
			sourceTree = "<group>";
		};
		583BAA18151972E2008B7A74 /* check_button_normal@2x~iphone.png */ = {
			isa = PBXVariantGroup;
			children = (
				583BAA19151972E2008B7A74 /* en */,
			);
			name = "check_button_normal@2x~iphone.png";
			sourceTree = "<group>";
		};
		583BAA1A151972E2008B7A74 /* check_button_normal~ipad.png */ = {
			isa = PBXVariantGroup;
			children = (
				583BAA1B151972E2008B7A74 /* en */,
			);
			name = "check_button_normal~ipad.png";
			sourceTree = "<group>";
		};
		583BAA1C151972E2008B7A74 /* check_button_normal~iphone.png */ = {
			isa = PBXVariantGroup;
			children = (
				583BAA1D151972E2008B7A74 /* en */,
				583BAA42151972EC008B7A74 /* ru */,
			);
			name = "check_button_normal~iphone.png";
			sourceTree = "<group>";
		};
		583BAA1E151972E2008B7A74 /* combine_button_normal@2x~iphone.png */ = {
			isa = PBXVariantGroup;
			children = (
				583BAA1F151972E2008B7A74 /* en */,
				583BAA43151972EC008B7A74 /* ru */,
			);
			name = "combine_button_normal@2x~iphone.png";
			sourceTree = "<group>";
		};
		583BAA20151972E2008B7A74 /* combine_button_normal~ipad.png */ = {
			isa = PBXVariantGroup;
			children = (
				583BAA21151972E2008B7A74 /* en */,
				583BAA44151972EC008B7A74 /* ru */,
			);
			name = "combine_button_normal~ipad.png";
			sourceTree = "<group>";
		};
		583BAA22151972E2008B7A74 /* combine_button_normal~iphone.png */ = {
			isa = PBXVariantGroup;
			children = (
				583BAA23151972E2008B7A74 /* en */,
				583BAA45151972EC008B7A74 /* ru */,
			);
			name = "combine_button_normal~iphone.png";
			sourceTree = "<group>";
		};
		583BAA24151972E2008B7A74 /* guess_button_normal@2x~iphone.png */ = {
			isa = PBXVariantGroup;
			children = (
				583BAA25151972E2008B7A74 /* en */,
				583BAA46151972EC008B7A74 /* ru */,
			);
			name = "guess_button_normal@2x~iphone.png";
			sourceTree = "<group>";
		};
		583BAA26151972E2008B7A74 /* guess_button_normal~ipad.png */ = {
			isa = PBXVariantGroup;
			children = (
				583BAA27151972E2008B7A74 /* en */,
				583BAA47151972EC008B7A74 /* ru */,
			);
			name = "guess_button_normal~ipad.png";
			sourceTree = "<group>";
		};
		583BAA28151972E2008B7A74 /* guess_button_normal~iphone.png */ = {
			isa = PBXVariantGroup;
			children = (
				583BAA29151972E2008B7A74 /* en */,
				583BAA48151972EC008B7A74 /* ru */,
			);
			name = "guess_button_normal~iphone.png";
			sourceTree = "<group>";
		};
		583BAA2A151972E2008B7A74 /* who_am_i_button_normal@2x~iphone.png */ = {
			isa = PBXVariantGroup;
			children = (
				583BAA2B151972E2008B7A74 /* en */,
			);
			name = "who_am_i_button_normal@2x~iphone.png";
			sourceTree = "<group>";
		};
		583BAA2C151972E2008B7A74 /* who_am_i_button_normal~ipad.png */ = {
			isa = PBXVariantGroup;
			children = (
				583BAA2D151972E2008B7A74 /* en */,
			);
			name = "who_am_i_button_normal~ipad.png";
			sourceTree = "<group>";
		};
		583BAA2E151972E2008B7A74 /* who_am_i_button_normal~iphone.png */ = {
			isa = PBXVariantGroup;
			children = (
				583BAA2F151972E2008B7A74 /* en */,
				583BAA49151972EC008B7A74 /* ru */,
			);
			name = "who_am_i_button_normal~iphone.png";
			sourceTree = "<group>";
		};
		583BAA5B15197320008B7A74 /* logo@2x~iphone.png */ = {
			isa = PBXVariantGroup;
			children = (
				583BAA5C15197320008B7A74 /* ru */,
				583BAA641519733B008B7A74 /* en */,
			);
			name = "logo@2x~iphone.png";
			sourceTree = "<group>";
		};
		583BAA5D15197320008B7A74 /* logo~ipad.png */ = {
			isa = PBXVariantGroup;
			children = (
				583BAA5E15197320008B7A74 /* ru */,
				583BAA651519733B008B7A74 /* en */,
			);
			name = "logo~ipad.png";
			sourceTree = "<group>";
		};
		583BAA5F15197320008B7A74 /* logo~iphone.png */ = {
			isa = PBXVariantGroup;
			children = (
				583BAA6015197320008B7A74 /* ru */,
				583BAA661519733B008B7A74 /* en */,
			);
			name = "logo~iphone.png";
			sourceTree = "<group>";
		};
		58DF9B1F1507038000FD620F /* about.html */ = {
			isa = PBXVariantGroup;
			children = (
				58DF9B241507038000FD620F /* ru */,
				58DF9BBE150705E400FD620F /* en */,
			);
			name = about.html;
			sourceTree = "<group>";
		};
		58DF9B581507041600FD620F /* bee_full.wav */ = {
			isa = PBXVariantGroup;
			children = (
				58DF9B591507041600FD620F /* en */,
				58DF9B821507041600FD620F /* ru */,
			);
			name = bee_full.wav;
			sourceTree = "<group>";
		};
		58DF9B5A1507041600FD620F /* bee_part.wav */ = {
			isa = PBXVariantGroup;
			children = (
				58DF9B5B1507041600FD620F /* en */,
				58DF9B831507041600FD620F /* ru */,
			);
			name = bee_part.wav;
			sourceTree = "<group>";
		};
		58DF9B5C1507041600FD620F /* cat_full.wav */ = {
			isa = PBXVariantGroup;
			children = (
				58DF9B5D1507041600FD620F /* en */,
				58DF9B841507041600FD620F /* ru */,
			);
			name = cat_full.wav;
			sourceTree = "<group>";
		};
		58DF9B5E1507041600FD620F /* cat_part.wav */ = {
			isa = PBXVariantGroup;
			children = (
				58DF9B5F1507041600FD620F /* en */,
				58DF9B851507041600FD620F /* ru */,
			);
			name = cat_part.wav;
			sourceTree = "<group>";
		};
		58DF9B601507041600FD620F /* dolphin_full.wav */ = {
			isa = PBXVariantGroup;
			children = (
				58DF9B611507041600FD620F /* en */,
				58DF9B861507041600FD620F /* ru */,
			);
			name = dolphin_full.wav;
			sourceTree = "<group>";
		};
		58DF9B621507041600FD620F /* dolphin_part.wav */ = {
			isa = PBXVariantGroup;
			children = (
				58DF9B631507041600FD620F /* en */,
				58DF9B871507041600FD620F /* ru */,
			);
			name = dolphin_part.wav;
			sourceTree = "<group>";
		};
		58DF9B641507041600FD620F /* good_boy.wav */ = {
			isa = PBXVariantGroup;
			children = (
				58DF9B651507041600FD620F /* en */,
				58DF9B881507041600FD620F /* ru */,
			);
			name = good_boy.wav;
			sourceTree = "<group>";
		};
		58DF9B661507041600FD620F /* good_job.wav */ = {
			isa = PBXVariantGroup;
			children = (
				58DF9B671507041600FD620F /* en */,
				58DF9B891507041600FD620F /* ru */,
			);
			name = good_job.wav;
			sourceTree = "<group>";
		};
		58DF9B681507041600FD620F /* goose_full.wav */ = {
			isa = PBXVariantGroup;
			children = (
				58DF9B691507041600FD620F /* en */,
				58DF9B8A1507041600FD620F /* ru */,
			);
			name = goose_full.wav;
			sourceTree = "<group>";
		};
		58DF9B6A1507041600FD620F /* goose_part.wav */ = {
			isa = PBXVariantGroup;
			children = (
				58DF9B6B1507041600FD620F /* en */,
				58DF9B8B1507041600FD620F /* ru */,
			);
			name = goose_part.wav;
			sourceTree = "<group>";
		};
		58DF9B6C1507041600FD620F /* horse_full.wav */ = {
			isa = PBXVariantGroup;
			children = (
				58DF9B6D1507041600FD620F /* en */,
				58DF9B8C1507041600FD620F /* ru */,
			);
			name = horse_full.wav;
			sourceTree = "<group>";
		};
		58DF9B6E1507041600FD620F /* horse_part.wav */ = {
			isa = PBXVariantGroup;
			children = (
				58DF9B6F1507041600FD620F /* en */,
				58DF9B8D1507041600FD620F /* ru */,
			);
			name = horse_part.wav;
			sourceTree = "<group>";
		};
		58DF9B701507041600FD620F /* how_it_looks.wav */ = {
			isa = PBXVariantGroup;
			children = (
				58DF9B711507041600FD620F /* en */,
				58DF9B8E1507041600FD620F /* ru */,
			);
			name = how_it_looks.wav;
			sourceTree = "<group>";
		};
		58DF9B721507041600FD620F /* its_correct.wav */ = {
			isa = PBXVariantGroup;
			children = (
				58DF9B731507041600FD620F /* en */,
				58DF9B8F1507041600FD620F /* ru */,
			);
			name = its_correct.wav;
			sourceTree = "<group>";
		};
		58DF9B741507041600FD620F /* its_good.wav */ = {
			isa = PBXVariantGroup;
			children = (
				58DF9B751507041600FD620F /* en */,
				58DF9B901507041600FD620F /* ru */,
			);
			name = its_good.wav;
			sourceTree = "<group>";
		};
		58DF9B761507041600FD620F /* loose.wav */ = {
			isa = PBXVariantGroup;
			children = (
				58DF9B771507041600FD620F /* en */,
				58DF9B911507041600FD620F /* ru */,
			);
			name = loose.wav;
			sourceTree = "<group>";
		};
		58DF9B781507041600FD620F /* not_right.wav */ = {
			isa = PBXVariantGroup;
			children = (
				58DF9B791507041600FD620F /* en */,
				58DF9B921507041600FD620F /* ru */,
			);
			name = not_right.wav;
			sourceTree = "<group>";
		};
		58DF9B7A1507041600FD620F /* not_right2.wav */ = {
			isa = PBXVariantGroup;
			children = (
				58DF9B7B1507041600FD620F /* en */,
				58DF9B931507041600FD620F /* ru */,
			);
			name = not_right2.wav;
			sourceTree = "<group>";
		};
		58DF9B7C1507041600FD620F /* this_is.wav */ = {
			isa = PBXVariantGroup;
			children = (
				58DF9B7D1507041600FD620F /* en */,
				58DF9B941507041600FD620F /* ru */,
			);
			name = this_is.wav;
			sourceTree = "<group>";
		};
		58DF9B7E1507041600FD620F /* well_done.wav */ = {
			isa = PBXVariantGroup;
			children = (
				58DF9B7F1507041600FD620F /* en */,
				58DF9B951507041600FD620F /* ru */,
			);
			name = well_done.wav;
			sourceTree = "<group>";
		};
		58DF9B801507041600FD620F /* win.wav */ = {
			isa = PBXVariantGroup;
			children = (
				58DF9B811507041600FD620F /* en */,
				58DF9B961507041600FD620F /* ru */,
			);
			name = win.wav;
			sourceTree = "<group>";
		};
		58DF9BBA150704EC00FD620F /* Localizable.strings */ = {
			isa = PBXVariantGroup;
			children = (
				58DF9BBB150704EC00FD620F /* ru */,
				58DF9BBD150704F000FD620F /* en */,
			);
			name = Localizable.strings;
			sourceTree = "<group>";
		};
/* End PBXVariantGroup section */

/* Begin XCBuildConfiguration section */
		587003FE14F7748E00A727B8 /* Debug */ = {
			isa = XCBuildConfiguration;
			buildSettings = {
				ALWAYS_SEARCH_USER_PATHS = NO;
				ARCHS = "$(ARCHS_STANDARD_32_BIT)";
				CODE_SIGN_IDENTITY = "iPhone Developer: kmmbvnr kmmbvnr (WGS3D33538)";
				"CODE_SIGN_IDENTITY[sdk=iphoneos*]" = "iPhone Developer";
				COPY_PHASE_STRIP = NO;
				GCC_C_LANGUAGE_STANDARD = gnu99;
				GCC_DYNAMIC_NO_PIC = NO;
				GCC_OPTIMIZATION_LEVEL = 0;
				GCC_PREPROCESSOR_DEFINITIONS = (
					"DEBUG=1",
					"$(inherited)",
				);
				GCC_SYMBOLS_PRIVATE_EXTERN = NO;
				GCC_VERSION = com.apple.compilers.llvm.clang.1_0;
				GCC_WARN_ABOUT_MISSING_PROTOTYPES = YES;
				GCC_WARN_ABOUT_RETURN_TYPE = YES;
				GCC_WARN_UNUSED_VARIABLE = YES;
				IPHONEOS_DEPLOYMENT_TARGET = 4.3;
				PROVISIONING_PROFILE = "D00C7808-EDDA-4CF9-A8EE-BA9FD18BECE1";
				SDKROOT = iphoneos;
				TARGETED_DEVICE_FAMILY = "1,2";
			};
			name = Debug;
		};
		587003FF14F7748E00A727B8 /* Release */ = {
			isa = XCBuildConfiguration;
			buildSettings = {
				ALWAYS_SEARCH_USER_PATHS = NO;
				ARCHS = "$(ARCHS_STANDARD_32_BIT)";
				CODE_SIGN_IDENTITY = "iPhone Developer: kmmbvnr kmmbvnr (WGS3D33538)";
				"CODE_SIGN_IDENTITY[sdk=iphoneos*]" = "iPhone Developer";
				COPY_PHASE_STRIP = YES;
				GCC_C_LANGUAGE_STANDARD = gnu99;
				GCC_VERSION = com.apple.compilers.llvm.clang.1_0;
				GCC_WARN_ABOUT_MISSING_PROTOTYPES = YES;
				GCC_WARN_ABOUT_RETURN_TYPE = YES;
				GCC_WARN_UNUSED_VARIABLE = YES;
				IPHONEOS_DEPLOYMENT_TARGET = 4.3;
				OTHER_CFLAGS = "-DNS_BLOCK_ASSERTIONS=1";
				PROVISIONING_PROFILE = "D00C7808-EDDA-4CF9-A8EE-BA9FD18BECE1";
				SDKROOT = iphoneos;
				TARGETED_DEVICE_FAMILY = "1,2";
				VALIDATE_PRODUCT = YES;
			};
			name = Release;
		};
		5870040114F7748E00A727B8 /* Debug */ = {
			isa = XCBuildConfiguration;
			buildSettings = {
				CODE_SIGN_IDENTITY = "iPhone Developer: kmmbvnr kmmbvnr (WGS3D33538)";
				"CODE_SIGN_IDENTITY[sdk=iphoneos*]" = "iPhone Developer: kmmbvnr kmmbvnr (WGS3D33538)";
				GCC_PRECOMPILE_PREFIX_HEADER = YES;
				GCC_PREFIX_HEADER = "MixUp/MixUp-Prefix.pch";
				INFOPLIST_FILE = "MixUp/MixUp-Info.plist";
				IPHONEOS_DEPLOYMENT_TARGET = 4.3;
				PRODUCT_NAME = "$(TARGET_NAME)";
				PROVISIONING_PROFILE = "D00C7808-EDDA-4CF9-A8EE-BA9FD18BECE1";
				"PROVISIONING_PROFILE[sdk=iphoneos*]" = "D00C7808-EDDA-4CF9-A8EE-BA9FD18BECE1";
				TARGETED_DEVICE_FAMILY = "1,2";
				WRAPPER_EXTENSION = app;
			};
			name = Debug;
		};
		5870040214F7748E00A727B8 /* Release */ = {
			isa = XCBuildConfiguration;
			buildSettings = {
				CODE_SIGN_IDENTITY = "iPhone Developer: kmmbvnr kmmbvnr (WGS3D33538)";
				"CODE_SIGN_IDENTITY[sdk=iphoneos*]" = "iPhone Developer: kmmbvnr kmmbvnr (WGS3D33538)";
				GCC_PRECOMPILE_PREFIX_HEADER = YES;
				GCC_PREFIX_HEADER = "MixUp/MixUp-Prefix.pch";
				INFOPLIST_FILE = "MixUp/MixUp-Info.plist";
				IPHONEOS_DEPLOYMENT_TARGET = 4.3;
				PRODUCT_NAME = "$(TARGET_NAME)";
				PROVISIONING_PROFILE = "D00C7808-EDDA-4CF9-A8EE-BA9FD18BECE1";
				"PROVISIONING_PROFILE[sdk=iphoneos*]" = "D00C7808-EDDA-4CF9-A8EE-BA9FD18BECE1";
				TARGETED_DEVICE_FAMILY = "1,2";
				WRAPPER_EXTENSION = app;
			};
			name = Release;
		};
/* End XCBuildConfiguration section */

/* Begin XCConfigurationList section */
		587003E214F7748D00A727B8 /* Build configuration list for PBXProject "MixUp" */ = {
			isa = XCConfigurationList;
			buildConfigurations = (
				587003FE14F7748E00A727B8 /* Debug */,
				587003FF14F7748E00A727B8 /* Release */,
			);
			defaultConfigurationIsVisible = 0;
			defaultConfigurationName = Release;
		};
		5870040014F7748E00A727B8 /* Build configuration list for PBXNativeTarget "MixUp" */ = {
			isa = XCConfigurationList;
			buildConfigurations = (
				5870040114F7748E00A727B8 /* Debug */,
				5870040214F7748E00A727B8 /* Release */,
			);
			defaultConfigurationIsVisible = 0;
			defaultConfigurationName = Release;
		};
/* End XCConfigurationList section */
	};
	rootObject = 587003DF14F7748D00A727B8 /* Project object */;
}
